// !$*UTF8*$!
{
	archiveVersion = 1;
	classes = {
	};
	objectVersion = 56;
	objects = {

/* Begin PBXBuildFile section */
		4F04161A2BB5A97C00E3C7C0 /* Members.swift in Sources */ = {isa = PBXBuildFile; fileRef = 4F0416192BB5A97C00E3C7C0 /* Members.swift */; };
		4F04161C2BB5B53800E3C7C0 /* MembersViewModel.swift in Sources */ = {isa = PBXBuildFile; fileRef = 4F04161B2BB5B53800E3C7C0 /* MembersViewModel.swift */; };
		4F0D18272D56325600C1A236 /* ProfilePicture.swift in Sources */ = {isa = PBXBuildFile; fileRef = 4F0D18262D56325600C1A236 /* ProfilePicture.swift */; };
		4F1146B62E166F6100CEAE21 /* SharedEntryComponents.swift in Sources */ = {isa = PBXBuildFile; fileRef = 4F1146B52E166F6100CEAE21 /* SharedEntryComponents.swift */; };
		4F1146B82E2CEAF800CEAE21 /* PredictionsDetailView.swift in Sources */ = {isa = PBXBuildFile; fileRef = 4F1146B72E2CEAF800CEAE21 /* PredictionsDetailView.swift */; };
		4F1C03CF2DB0E337001C9CE1 /* ThemeModel.swift in Sources */ = {isa = PBXBuildFile; fileRef = 4F1C03CE2DB0E336001C9CE1 /* ThemeModel.swift */; };
		4F1C03D32DB107D7001C9CE1 /* ThemeSelectionSheet.swift in Sources */ = {isa = PBXBuildFile; fileRef = 4F1C03D22DB107D7001C9CE1 /* ThemeSelectionSheet.swift */; };
		4F1E364F2DD28CBF003100DA /* UserPhotosView.swift in Sources */ = {isa = PBXBuildFile; fileRef = 4F1E364E2DD28CBF003100DA /* UserPhotosView.swift */; };
		4F1F6CDD2DB0255200083C42 /* EntryUploadManager.swift in Sources */ = {isa = PBXBuildFile; fileRef = 4F1F6CDC2DB0255200083C42 /* EntryUploadManager.swift */; };
		4F2A809C2C7B1CBC00BF51C8 /* FinalPreview.swift in Sources */ = {isa = PBXBuildFile; fileRef = 4F2A809B2C7B1CBC00BF51C8 /* FinalPreview.swift */; };
		4F3359582DE5E983003EF5E1 /* ChatMessageModel.swift in Sources */ = {isa = PBXBuildFile; fileRef = 4F3359572DE5E983003EF5E1 /* ChatMessageModel.swift */; };
		4F33595A2DE5E9A0003EF5E1 /* ChatViewModel.swift in Sources */ = {isa = PBXBuildFile; fileRef = 4F3359592DE5E9A0003EF5E1 /* ChatViewModel.swift */; };
		4F33595E2DE65507003EF5E1 /* ChatIndicatorViewModel.swift in Sources */ = {isa = PBXBuildFile; fileRef = 4F33595D2DE65507003EF5E1 /* ChatIndicatorViewModel.swift */; };
		4F3359602DE6E596003EF5E1 /* MessageComposerView.swift in Sources */ = {isa = PBXBuildFile; fileRef = 4F33595F2DE6E596003EF5E1 /* MessageComposerView.swift */; };
		4F33E4692B98F5D9003098E8 /* GoogleService-Info.plist in Resources */ = {isa = PBXBuildFile; fileRef = 4F33E4682B98F5D9003098E8 /* GoogleService-Info.plist */; };
		4F34080E2D3029C400F21247 /* PushNotificationManager.swift in Sources */ = {isa = PBXBuildFile; fileRef = 4F34080D2D3029C400F21247 /* PushNotificationManager.swift */; };
		4F375D092AEBBF990011F541 /* CompDetails.swift in Sources */ = {isa = PBXBuildFile; fileRef = 4F375D082AEBBF990011F541 /* CompDetails.swift */; };
		4F375D0B2AF444B70011F541 /* Camera.swift in Sources */ = {isa = PBXBuildFile; fileRef = 4F375D0A2AF444B70011F541 /* Camera.swift */; };
		4F375D102B02A1320011F541 /* Entry.swift in Sources */ = {isa = PBXBuildFile; fileRef = 4F375D0F2B02A1320011F541 /* Entry.swift */; };
		4F375D122B02A1FC0011F541 /* EntryViewModel.swift in Sources */ = {isa = PBXBuildFile; fileRef = 4F375D112B02A1FC0011F541 /* EntryViewModel.swift */; };
		4F375D162B0651EC0011F541 /* CompetitionsModel.swift in Sources */ = {isa = PBXBuildFile; fileRef = 4F375D152B0651EC0011F541 /* CompetitionsModel.swift */; };
		4F382EA02B07CAA600669A58 /* MyComps.swift in Sources */ = {isa = PBXBuildFile; fileRef = 4F382E9F2B07CAA600669A58 /* MyComps.swift */; };
		4F382EA92B0F89D800669A58 /* NotificationBannerSwift in Frameworks */ = {isa = PBXBuildFile; productRef = 4F382EA82B0F89D800669A58 /* NotificationBannerSwift */; };
		4F39B29D2DD3758100F75004 /* DeepLinkHandler.swift in Sources */ = {isa = PBXBuildFile; fileRef = 4F39B29C2DD3758100F75004 /* DeepLinkHandler.swift */; };
		4F39B29F2DD3C2DC00F75004 /* FullScreenPhotoView.swift in Sources */ = {isa = PBXBuildFile; fileRef = 4F39B29E2DD3C2DC00F75004 /* FullScreenPhotoView.swift */; };
		4F39B2A12DD3C50100F75004 /* UserPhotosViewModel.swift in Sources */ = {isa = PBXBuildFile; fileRef = 4F39B2A02DD3C50100F75004 /* UserPhotosViewModel.swift */; };
		4F39B2A72DD5447600F75004 /* ThemePhotosView.swift in Sources */ = {isa = PBXBuildFile; fileRef = 4F39B2A62DD5447600F75004 /* ThemePhotosView.swift */; };
		4F39B2A92DD5449B00F75004 /* ThemePhotosViewModel.swift in Sources */ = {isa = PBXBuildFile; fileRef = 4F39B2A82DD5449B00F75004 /* ThemePhotosViewModel.swift */; };
		4F39B2AB2DD5CB6C00F75004 /* ModalDismisser.swift in Sources */ = {isa = PBXBuildFile; fileRef = 4F39B2AA2DD5CB6C00F75004 /* ModalDismisser.swift */; };
		4F3E0CED2A846CE80068F901 /* PingbearApp.swift in Sources */ = {isa = PBXBuildFile; fileRef = 4F3E0CEC2A846CE80068F901 /* PingbearApp.swift */; };
		4F3E0CF12A846CE90068F901 /* Assets.xcassets in Resources */ = {isa = PBXBuildFile; fileRef = 4F3E0CF02A846CE90068F901 /* Assets.xcassets */; };
		4F3E0CF52A846CE90068F901 /* Preview Assets.xcassets in Resources */ = {isa = PBXBuildFile; fileRef = 4F3E0CF42A846CE90068F901 /* Preview Assets.xcassets */; };
		4F3E0CFF2A846CE90068F901 /* PingbearTests.swift in Sources */ = {isa = PBXBuildFile; fileRef = 4F3E0CFE2A846CE90068F901 /* PingbearTests.swift */; };
		4F3E0D092A846CE90068F901 /* PingbearUITests.swift in Sources */ = {isa = PBXBuildFile; fileRef = 4F3E0D082A846CE90068F901 /* PingbearUITests.swift */; };
		4F3E0D0B2A846CE90068F901 /* PingbearUITestsLaunchTests.swift in Sources */ = {isa = PBXBuildFile; fileRef = 4F3E0D0A2A846CE90068F901 /* PingbearUITestsLaunchTests.swift */; };
		4F3E0D1D2A86F6BF0068F901 /* FirebaseAnalytics in Frameworks */ = {isa = PBXBuildFile; productRef = 4F3E0D1C2A86F6BF0068F901 /* FirebaseAnalytics */; };
		4F3E0D1F2A86F6BF0068F901 /* FirebaseAnalyticsOnDeviceConversion in Frameworks */ = {isa = PBXBuildFile; productRef = 4F3E0D1E2A86F6BF0068F901 /* FirebaseAnalyticsOnDeviceConversion */; };
		4F3E0D212A86F6BF0068F901 /* FirebaseAnalyticsSwift in Frameworks */ = {isa = PBXBuildFile; productRef = 4F3E0D202A86F6BF0068F901 /* FirebaseAnalyticsSwift */; };
		4F3E0D232A86F6BF0068F901 /* FirebaseAnalyticsWithoutAdIdSupport in Frameworks */ = {isa = PBXBuildFile; productRef = 4F3E0D222A86F6BF0068F901 /* FirebaseAnalyticsWithoutAdIdSupport */; };
		4F3E0D252A86F6BF0068F901 /* FirebaseAppCheck in Frameworks */ = {isa = PBXBuildFile; productRef = 4F3E0D242A86F6BF0068F901 /* FirebaseAppCheck */; };
		4F3E0D272A86F6BF0068F901 /* FirebaseAppDistribution-Beta in Frameworks */ = {isa = PBXBuildFile; productRef = 4F3E0D262A86F6BF0068F901 /* FirebaseAppDistribution-Beta */; };
		4F3E0D292A86F6BF0068F901 /* FirebaseAuth in Frameworks */ = {isa = PBXBuildFile; productRef = 4F3E0D282A86F6BF0068F901 /* FirebaseAuth */; };
		4F3E0D2B2A86F6BF0068F901 /* FirebaseAuthCombine-Community in Frameworks */ = {isa = PBXBuildFile; productRef = 4F3E0D2A2A86F6BF0068F901 /* FirebaseAuthCombine-Community */; };
		4F3E0D2D2A86F6BF0068F901 /* FirebaseCrashlytics in Frameworks */ = {isa = PBXBuildFile; productRef = 4F3E0D2C2A86F6BF0068F901 /* FirebaseCrashlytics */; };
		4F3E0D2F2A86F6BF0068F901 /* FirebaseDatabase in Frameworks */ = {isa = PBXBuildFile; productRef = 4F3E0D2E2A86F6BF0068F901 /* FirebaseDatabase */; };
		4F3E0D312A86F6BF0068F901 /* FirebaseDatabaseSwift in Frameworks */ = {isa = PBXBuildFile; productRef = 4F3E0D302A86F6BF0068F901 /* FirebaseDatabaseSwift */; };
		4F3E0D332A86F6BF0068F901 /* FirebaseDynamicLinks in Frameworks */ = {isa = PBXBuildFile; productRef = 4F3E0D322A86F6BF0068F901 /* FirebaseDynamicLinks */; };
		4F3E0D352A86F6BF0068F901 /* FirebaseFirestore in Frameworks */ = {isa = PBXBuildFile; productRef = 4F3E0D342A86F6BF0068F901 /* FirebaseFirestore */; };
		4F3E0D372A86F6BF0068F901 /* FirebaseFirestoreCombine-Community in Frameworks */ = {isa = PBXBuildFile; productRef = 4F3E0D362A86F6BF0068F901 /* FirebaseFirestoreCombine-Community */; };
		4F3E0D392A86F6BF0068F901 /* FirebaseFirestoreSwift in Frameworks */ = {isa = PBXBuildFile; productRef = 4F3E0D382A86F6BF0068F901 /* FirebaseFirestoreSwift */; };
		4F3E0D3B2A86F6BF0068F901 /* FirebaseFunctions in Frameworks */ = {isa = PBXBuildFile; productRef = 4F3E0D3A2A86F6BF0068F901 /* FirebaseFunctions */; };
		4F3E0D3D2A86F6BF0068F901 /* FirebaseFunctionsCombine-Community in Frameworks */ = {isa = PBXBuildFile; productRef = 4F3E0D3C2A86F6BF0068F901 /* FirebaseFunctionsCombine-Community */; };
		4F3E0D3F2A86F6BF0068F901 /* FirebaseInAppMessaging-Beta in Frameworks */ = {isa = PBXBuildFile; productRef = 4F3E0D3E2A86F6BF0068F901 /* FirebaseInAppMessaging-Beta */; };
		4F3E0D412A86F6BF0068F901 /* FirebaseInAppMessagingSwift-Beta in Frameworks */ = {isa = PBXBuildFile; productRef = 4F3E0D402A86F6BF0068F901 /* FirebaseInAppMessagingSwift-Beta */; };
		4F3E0D432A86F6BF0068F901 /* FirebaseInstallations in Frameworks */ = {isa = PBXBuildFile; productRef = 4F3E0D422A86F6BF0068F901 /* FirebaseInstallations */; };
		4F3E0D452A86F6BF0068F901 /* FirebaseMLModelDownloader in Frameworks */ = {isa = PBXBuildFile; productRef = 4F3E0D442A86F6BF0068F901 /* FirebaseMLModelDownloader */; };
		4F3E0D472A86F6BF0068F901 /* FirebaseMessaging in Frameworks */ = {isa = PBXBuildFile; productRef = 4F3E0D462A86F6BF0068F901 /* FirebaseMessaging */; };
		4F3E0D492A86F6BF0068F901 /* FirebasePerformance in Frameworks */ = {isa = PBXBuildFile; productRef = 4F3E0D482A86F6BF0068F901 /* FirebasePerformance */; };
		4F3E0D4B2A86F6BF0068F901 /* FirebaseRemoteConfig in Frameworks */ = {isa = PBXBuildFile; productRef = 4F3E0D4A2A86F6BF0068F901 /* FirebaseRemoteConfig */; };
		4F3E0D4D2A86F6BF0068F901 /* FirebaseRemoteConfigSwift in Frameworks */ = {isa = PBXBuildFile; productRef = 4F3E0D4C2A86F6BF0068F901 /* FirebaseRemoteConfigSwift */; };
		4F3E0D4F2A86F6BF0068F901 /* FirebaseStorage in Frameworks */ = {isa = PBXBuildFile; productRef = 4F3E0D4E2A86F6BF0068F901 /* FirebaseStorage */; };
		4F3E0D512A86F6BF0068F901 /* FirebaseStorageCombine-Community in Frameworks */ = {isa = PBXBuildFile; productRef = 4F3E0D502A86F6BF0068F901 /* FirebaseStorageCombine-Community */; };
		4F3E0D542A86FA3A0068F901 /* PhoneEntry.swift in Sources */ = {isa = PBXBuildFile; fileRef = 4F3E0D532A86FA3A0068F901 /* PhoneEntry.swift */; };
		4F3E0D582A86FB1D0068F901 /* Verification.swift in Sources */ = {isa = PBXBuildFile; fileRef = 4F3E0D572A86FB1D0068F901 /* Verification.swift */; };
		4F3E0D5C2A86FC010068F901 /* NameEntry.swift in Sources */ = {isa = PBXBuildFile; fileRef = 4F3E0D5B2A86FC010068F901 /* NameEntry.swift */; };
		4F3E0D652A8949260068F901 /* Global.swift in Sources */ = {isa = PBXBuildFile; fileRef = 4F3E0D642A8949260068F901 /* Global.swift */; };
		4F3E0D682A895AE40068F901 /* Colour.swift in Sources */ = {isa = PBXBuildFile; fileRef = 4F3E0D672A895AE40068F901 /* Colour.swift */; };
		4F3E0D812A9B7BFB0068F901 /* PayViewModel.swift in Sources */ = {isa = PBXBuildFile; fileRef = 4F3E0D802A9B7BFB0068F901 /* PayViewModel.swift */; };
		4F3E0D882A9BCB330068F901 /* SDWebImageSwiftUI in Frameworks */ = {isa = PBXBuildFile; productRef = 4F3E0D872A9BCB330068F901 /* SDWebImageSwiftUI */; };
		4F3E0D962AA0DED80068F901 /* CountryPicker in Frameworks */ = {isa = PBXBuildFile; productRef = 4F3E0D952AA0DED80068F901 /* CountryPicker */; };
		4F3E0DA02AA777240068F901 /* Settings.swift in Sources */ = {isa = PBXBuildFile; fileRef = 4F3E0D9F2AA777240068F901 /* Settings.swift */; };
		4F3E0DA22AA782DE0068F901 /* ChangeName.swift in Sources */ = {isa = PBXBuildFile; fileRef = 4F3E0DA12AA782DE0068F901 /* ChangeName.swift */; };
		4F3E0DA42AA89F0E0068F901 /* AddFriends.swift in Sources */ = {isa = PBXBuildFile; fileRef = 4F3E0DA32AA89F0E0068F901 /* AddFriends.swift */; };
		4F3E0DA62AA8A1CF0068F901 /* AddFriendsModel.swift in Sources */ = {isa = PBXBuildFile; fileRef = 4F3E0DA52AA8A1CF0068F901 /* AddFriendsModel.swift */; };
		4F3E0DB22AB067DC0068F901 /* PhoneNumberKit in Frameworks */ = {isa = PBXBuildFile; productRef = 4F3E0DB12AB067DC0068F901 /* PhoneNumberKit */; };
		4F3E0DB42AB1DE5E0068F901 /* EnvironmentValues.swift in Sources */ = {isa = PBXBuildFile; fileRef = 4F3E0DB32AB1DE5E0068F901 /* EnvironmentValues.swift */; };
		4F3E0DBD2AB342440068F901 /* MyFriends.swift in Sources */ = {isa = PBXBuildFile; fileRef = 4F3E0DBC2AB342440068F901 /* MyFriends.swift */; };
		4F3E0DBF2AB3430C0068F901 /* MyFriendsModel.swift in Sources */ = {isa = PBXBuildFile; fileRef = 4F3E0DBE2AB3430C0068F901 /* MyFriendsModel.swift */; };
		4F515AC42C0B5CCA003FE588 /* FirestoreListenerManager.swift in Sources */ = {isa = PBXBuildFile; fileRef = 4F515AC32C0B5CCA003FE588 /* FirestoreListenerManager.swift */; };
		4F5326DF2E0C2C3D00E6D988 /* ParlayManager.swift in Sources */ = {isa = PBXBuildFile; fileRef = 4F5326DE2E0C2C3D00E6D988 /* ParlayManager.swift */; };
		4F56AB322B80DB1D005FFC96 /* PayView.swift in Sources */ = {isa = PBXBuildFile; fileRef = 4F56AB312B80DB1D005FFC96 /* PayView.swift */; };
		4F5C2C3A2BB49D2F0081CB59 /* JoinSelect.swift in Sources */ = {isa = PBXBuildFile; fileRef = 4F5C2C392BB49D2F0081CB59 /* JoinSelect.swift */; };
		4F6D6EA82D42F7860040F26F /* EditCompetitionView.swift in Sources */ = {isa = PBXBuildFile; fileRef = 4F6D6EA72D42F7860040F26F /* EditCompetitionView.swift */; };
		4F90E1602E070FC700C84525 /* CompetitionPricingCalculator.swift in Sources */ = {isa = PBXBuildFile; fileRef = 4F90E15F2E070FC700C84525 /* CompetitionPricingCalculator.swift */; };
		4F9439912D7F90760068AF24 /* Welcome.swift in Sources */ = {isa = PBXBuildFile; fileRef = 4F9439902D7F90760068AF24 /* Welcome.swift */; };
		4F9439942D84E85C0068AF24 /* Kingfisher in Frameworks */ = {isa = PBXBuildFile; productRef = 4F9439932D84E85C0068AF24 /* Kingfisher */; };
		4FA5EE3B2DF31D3000355376 /* CustomShareSheet.swift in Sources */ = {isa = PBXBuildFile; fileRef = 4FA5EE3A2DF31D3000355376 /* CustomShareSheet.swift */; };
		4FA5EE3F2E03D7E600355376 /* Unlock.swift in Sources */ = {isa = PBXBuildFile; fileRef = 4FA5EE3E2E03D7E600355376 /* Unlock.swift */; };
		4FABA13A2B996A3800289489 /* PostHog in Frameworks */ = {isa = PBXBuildFile; productRef = 4FABA1392B996A3800289489 /* PostHog */; };
		4FACC9E02C33EE52003BF013 /* ContactAccess.swift in Sources */ = {isa = PBXBuildFile; fileRef = 4FACC9DF2C33EE52003BF013 /* ContactAccess.swift */; };
		4FAE0D4F2E99890D0006D260 /* BackgroundMusicManager.swift in Sources */ = {isa = PBXBuildFile; fileRef = 4FAE0D4E2E99890D0006D260 /* BackgroundMusicManager.swift */; };
		4FAE0D522E998A5C0006D260 /* background_music.mp3 in Resources */ = {isa = PBXBuildFile; fileRef = 4FAE0D512E998A5C0006D260 /* background_music.mp3 */; };
		4FB27D482DE054B300E10C8F /* PhotoInteraction.swift in Sources */ = {isa = PBXBuildFile; fileRef = 4FB27D472DE054B100E10C8F /* PhotoInteraction.swift */; };
		4FB27D502DE50DB400E10C8F /* ChatView.swift in Sources */ = {isa = PBXBuildFile; fileRef = 4FB27D4F2DE50DB400E10C8F /* ChatView.swift */; };
		4FDE05572D993FCD002C592B /* AnalyticsService.swift in Sources */ = {isa = PBXBuildFile; fileRef = 4FDE05562D993FCD002C592B /* AnalyticsService.swift */; };
		4FDE05592D99400B002C592B /* PostHogAnalyticsService.swift in Sources */ = {isa = PBXBuildFile; fileRef = 4FDE05582D99400B002C592B /* PostHogAnalyticsService.swift */; };
		4FE0B3902D709EF6004BC0C2 /* PushNotificationSender.swift in Sources */ = {isa = PBXBuildFile; fileRef = 4FE0B38F2D709EF6004BC0C2 /* PushNotificationSender.swift */; };
		4FE0B3922D70FD94004BC0C2 /* NotificationQueueManager.swift in Sources */ = {isa = PBXBuildFile; fileRef = 4FE0B3912D70FD94004BC0C2 /* NotificationQueueManager.swift */; };
		4FED5C5C2BF641BC00CC5BFE /* CameraViewModel.swift in Sources */ = {isa = PBXBuildFile; fileRef = 4FED5C5B2BF641BC00CC5BFE /* CameraViewModel.swift */; };
		4FED5C5E2BF6420300CC5BFE /* CameraInit.swift in Sources */ = {isa = PBXBuildFile; fileRef = 4FED5C5D2BF6420300CC5BFE /* CameraInit.swift */; };
/* End PBXBuildFile section */

/* Begin PBXContainerItemProxy section */
		4F3E0CFB2A846CE90068F901 /* PBXContainerItemProxy */ = {
			isa = PBXContainerItemProxy;
			containerPortal = 4F3E0CE12A846CE80068F901 /* Project object */;
			proxyType = 1;
			remoteGlobalIDString = 4F3E0CE82A846CE80068F901;
			remoteInfo = Pingbear;
		};
		4F3E0D052A846CE90068F901 /* PBXContainerItemProxy */ = {
			isa = PBXContainerItemProxy;
			containerPortal = 4F3E0CE12A846CE80068F901 /* Project object */;
			proxyType = 1;
			remoteGlobalIDString = 4F3E0CE82A846CE80068F901;
			remoteInfo = Pingbear;
		};
/* End PBXContainerItemProxy section */

/* Begin PBXFileReference section */
		4F0416192BB5A97C00E3C7C0 /* Members.swift */ = {isa = PBXFileReference; lastKnownFileType = sourcecode.swift; path = Members.swift; sourceTree = "<group>"; };
		4F04161B2BB5B53800E3C7C0 /* MembersViewModel.swift */ = {isa = PBXFileReference; lastKnownFileType = sourcecode.swift; path = MembersViewModel.swift; sourceTree = "<group>"; };
		4F0D18262D56325600C1A236 /* ProfilePicture.swift */ = {isa = PBXFileReference; lastKnownFileType = sourcecode.swift; path = ProfilePicture.swift; sourceTree = "<group>"; };
		4F1146B52E166F6100CEAE21 /* SharedEntryComponents.swift */ = {isa = PBXFileReference; lastKnownFileType = sourcecode.swift; path = SharedEntryComponents.swift; sourceTree = "<group>"; };
		4F1146B72E2CEAF800CEAE21 /* PredictionsDetailView.swift */ = {isa = PBXFileReference; lastKnownFileType = sourcecode.swift; path = PredictionsDetailView.swift; sourceTree = "<group>"; };
		4F1C03CE2DB0E336001C9CE1 /* ThemeModel.swift */ = {isa = PBXFileReference; lastKnownFileType = sourcecode.swift; path = ThemeModel.swift; sourceTree = "<group>"; };
		4F1C03D22DB107D7001C9CE1 /* ThemeSelectionSheet.swift */ = {isa = PBXFileReference; lastKnownFileType = sourcecode.swift; path = ThemeSelectionSheet.swift; sourceTree = "<group>"; };
		4F1E364E2DD28CBF003100DA /* UserPhotosView.swift */ = {isa = PBXFileReference; lastKnownFileType = sourcecode.swift; path = UserPhotosView.swift; sourceTree = "<group>"; };
		4F1F6CDC2DB0255200083C42 /* EntryUploadManager.swift */ = {isa = PBXFileReference; lastKnownFileType = sourcecode.swift; path = EntryUploadManager.swift; sourceTree = "<group>"; };
		4F2A809B2C7B1CBC00BF51C8 /* FinalPreview.swift */ = {isa = PBXFileReference; lastKnownFileType = sourcecode.swift; path = FinalPreview.swift; sourceTree = "<group>"; };
		4F3359572DE5E983003EF5E1 /* ChatMessageModel.swift */ = {isa = PBXFileReference; lastKnownFileType = sourcecode.swift; path = ChatMessageModel.swift; sourceTree = "<group>"; };
		4F3359592DE5E9A0003EF5E1 /* ChatViewModel.swift */ = {isa = PBXFileReference; lastKnownFileType = sourcecode.swift; path = ChatViewModel.swift; sourceTree = "<group>"; };
		4F33595D2DE65507003EF5E1 /* ChatIndicatorViewModel.swift */ = {isa = PBXFileReference; lastKnownFileType = sourcecode.swift; path = ChatIndicatorViewModel.swift; sourceTree = "<group>"; };
		4F33595F2DE6E596003EF5E1 /* MessageComposerView.swift */ = {isa = PBXFileReference; lastKnownFileType = sourcecode.swift; path = MessageComposerView.swift; sourceTree = "<group>"; };
		4F33E4682B98F5D9003098E8 /* GoogleService-Info.plist */ = {isa = PBXFileReference; fileEncoding = 4; lastKnownFileType = text.plist.xml; path = "GoogleService-Info.plist"; sourceTree = "<group>"; };
		4F34080D2D3029C400F21247 /* PushNotificationManager.swift */ = {isa = PBXFileReference; lastKnownFileType = sourcecode.swift; path = PushNotificationManager.swift; sourceTree = "<group>"; };
		4F375D082AEBBF990011F541 /* CompDetails.swift */ = {isa = PBXFileReference; lastKnownFileType = sourcecode.swift; path = CompDetails.swift; sourceTree = "<group>"; };
		4F375D0A2AF444B70011F541 /* Camera.swift */ = {isa = PBXFileReference; lastKnownFileType = sourcecode.swift; path = Camera.swift; sourceTree = "<group>"; };
		4F375D0F2B02A1320011F541 /* Entry.swift */ = {isa = PBXFileReference; lastKnownFileType = sourcecode.swift; path = Entry.swift; sourceTree = "<group>"; };
		4F375D112B02A1FC0011F541 /* EntryViewModel.swift */ = {isa = PBXFileReference; lastKnownFileType = sourcecode.swift; path = EntryViewModel.swift; sourceTree = "<group>"; };
		4F375D152B0651EC0011F541 /* CompetitionsModel.swift */ = {isa = PBXFileReference; lastKnownFileType = sourcecode.swift; path = CompetitionsModel.swift; sourceTree = "<group>"; };
		4F382E9F2B07CAA600669A58 /* MyComps.swift */ = {isa = PBXFileReference; lastKnownFileType = sourcecode.swift; path = MyComps.swift; sourceTree = "<group>"; };
		4F39B29C2DD3758100F75004 /* DeepLinkHandler.swift */ = {isa = PBXFileReference; lastKnownFileType = sourcecode.swift; path = DeepLinkHandler.swift; sourceTree = "<group>"; };
		4F39B29E2DD3C2DC00F75004 /* FullScreenPhotoView.swift */ = {isa = PBXFileReference; lastKnownFileType = sourcecode.swift; path = FullScreenPhotoView.swift; sourceTree = "<group>"; };
		4F39B2A02DD3C50100F75004 /* UserPhotosViewModel.swift */ = {isa = PBXFileReference; lastKnownFileType = sourcecode.swift; path = UserPhotosViewModel.swift; sourceTree = "<group>"; };
		4F39B2A62DD5447600F75004 /* ThemePhotosView.swift */ = {isa = PBXFileReference; lastKnownFileType = sourcecode.swift; path = ThemePhotosView.swift; sourceTree = "<group>"; };
		4F39B2A82DD5449B00F75004 /* ThemePhotosViewModel.swift */ = {isa = PBXFileReference; lastKnownFileType = sourcecode.swift; path = ThemePhotosViewModel.swift; sourceTree = "<group>"; };
		4F39B2AA2DD5CB6C00F75004 /* ModalDismisser.swift */ = {isa = PBXFileReference; lastKnownFileType = sourcecode.swift; path = ModalDismisser.swift; sourceTree = "<group>"; };
		4F3E0CE92A846CE80068F901 /* Pingbear.app */ = {isa = PBXFileReference; explicitFileType = wrapper.application; includeInIndex = 0; path = Pingbear.app; sourceTree = BUILT_PRODUCTS_DIR; };
		4F3E0CEC2A846CE80068F901 /* PingbearApp.swift */ = {isa = PBXFileReference; lastKnownFileType = sourcecode.swift; path = PingbearApp.swift; sourceTree = "<group>"; };
		4F3E0CF02A846CE90068F901 /* Assets.xcassets */ = {isa = PBXFileReference; lastKnownFileType = folder.assetcatalog; path = Assets.xcassets; sourceTree = "<group>"; };
		4F3E0CF22A846CE90068F901 /* Pingbear.entitlements */ = {isa = PBXFileReference; lastKnownFileType = text.plist.entitlements; path = Pingbear.entitlements; sourceTree = "<group>"; };
		4F3E0CF42A846CE90068F901 /* Preview Assets.xcassets */ = {isa = PBXFileReference; lastKnownFileType = folder.assetcatalog; path = "Preview Assets.xcassets"; sourceTree = "<group>"; };
		4F3E0CFA2A846CE90068F901 /* PingbearTests.xctest */ = {isa = PBXFileReference; explicitFileType = wrapper.cfbundle; includeInIndex = 0; path = PingbearTests.xctest; sourceTree = BUILT_PRODUCTS_DIR; };
		4F3E0CFE2A846CE90068F901 /* PingbearTests.swift */ = {isa = PBXFileReference; lastKnownFileType = sourcecode.swift; path = PingbearTests.swift; sourceTree = "<group>"; };
		4F3E0D042A846CE90068F901 /* PingbearUITests.xctest */ = {isa = PBXFileReference; explicitFileType = wrapper.cfbundle; includeInIndex = 0; path = PingbearUITests.xctest; sourceTree = BUILT_PRODUCTS_DIR; };
		4F3E0D082A846CE90068F901 /* PingbearUITests.swift */ = {isa = PBXFileReference; lastKnownFileType = sourcecode.swift; path = PingbearUITests.swift; sourceTree = "<group>"; };
		4F3E0D0A2A846CE90068F901 /* PingbearUITestsLaunchTests.swift */ = {isa = PBXFileReference; lastKnownFileType = sourcecode.swift; path = PingbearUITestsLaunchTests.swift; sourceTree = "<group>"; };
		4F3E0D532A86FA3A0068F901 /* PhoneEntry.swift */ = {isa = PBXFileReference; lastKnownFileType = sourcecode.swift; path = PhoneEntry.swift; sourceTree = "<group>"; };
		4F3E0D572A86FB1D0068F901 /* Verification.swift */ = {isa = PBXFileReference; lastKnownFileType = sourcecode.swift; path = Verification.swift; sourceTree = "<group>"; };
		4F3E0D5B2A86FC010068F901 /* NameEntry.swift */ = {isa = PBXFileReference; lastKnownFileType = sourcecode.swift; path = NameEntry.swift; sourceTree = "<group>"; };
		4F3E0D632A8702FE0068F901 /* Info.plist */ = {isa = PBXFileReference; lastKnownFileType = text.plist; path = Info.plist; sourceTree = "<group>"; };
		4F3E0D642A8949260068F901 /* Global.swift */ = {isa = PBXFileReference; lastKnownFileType = sourcecode.swift; path = Global.swift; sourceTree = "<group>"; };
		4F3E0D672A895AE40068F901 /* Colour.swift */ = {isa = PBXFileReference; lastKnownFileType = sourcecode.swift; path = Colour.swift; sourceTree = "<group>"; };
		4F3E0D802A9B7BFB0068F901 /* PayViewModel.swift */ = {isa = PBXFileReference; lastKnownFileType = sourcecode.swift; path = PayViewModel.swift; sourceTree = "<group>"; };
		4F3E0D9F2AA777240068F901 /* Settings.swift */ = {isa = PBXFileReference; lastKnownFileType = sourcecode.swift; path = Settings.swift; sourceTree = "<group>"; };
		4F3E0DA12AA782DE0068F901 /* ChangeName.swift */ = {isa = PBXFileReference; lastKnownFileType = sourcecode.swift; path = ChangeName.swift; sourceTree = "<group>"; };
		4F3E0DA32AA89F0E0068F901 /* AddFriends.swift */ = {isa = PBXFileReference; lastKnownFileType = sourcecode.swift; path = AddFriends.swift; sourceTree = "<group>"; };
		4F3E0DA52AA8A1CF0068F901 /* AddFriendsModel.swift */ = {isa = PBXFileReference; lastKnownFileType = sourcecode.swift; path = AddFriendsModel.swift; sourceTree = "<group>"; };
		4F3E0DB32AB1DE5E0068F901 /* EnvironmentValues.swift */ = {isa = PBXFileReference; lastKnownFileType = sourcecode.swift; path = EnvironmentValues.swift; sourceTree = "<group>"; };
		4F3E0DBC2AB342440068F901 /* MyFriends.swift */ = {isa = PBXFileReference; lastKnownFileType = sourcecode.swift; path = MyFriends.swift; sourceTree = "<group>"; };
		4F3E0DBE2AB3430C0068F901 /* MyFriendsModel.swift */ = {isa = PBXFileReference; lastKnownFileType = sourcecode.swift; path = MyFriendsModel.swift; sourceTree = "<group>"; };
		4F515AC32C0B5CCA003FE588 /* FirestoreListenerManager.swift */ = {isa = PBXFileReference; lastKnownFileType = sourcecode.swift; path = FirestoreListenerManager.swift; sourceTree = "<group>"; };
		4F5326DE2E0C2C3D00E6D988 /* ParlayManager.swift */ = {isa = PBXFileReference; lastKnownFileType = sourcecode.swift; path = ParlayManager.swift; sourceTree = "<group>"; };
		4F56AB312B80DB1D005FFC96 /* PayView.swift */ = {isa = PBXFileReference; lastKnownFileType = sourcecode.swift; path = PayView.swift; sourceTree = "<group>"; };
		4F5C2C392BB49D2F0081CB59 /* JoinSelect.swift */ = {isa = PBXFileReference; lastKnownFileType = sourcecode.swift; path = JoinSelect.swift; sourceTree = "<group>"; };
		4F6D6EA72D42F7860040F26F /* EditCompetitionView.swift */ = {isa = PBXFileReference; lastKnownFileType = sourcecode.swift; path = EditCompetitionView.swift; sourceTree = "<group>"; };
		4F80A1B52E93C82B00F09EFB /* AdServices.framework */ = {isa = PBXFileReference; lastKnownFileType = wrapper.framework; name = AdServices.framework; path = Platforms/iPhoneOS.platform/Developer/SDKs/iPhoneOS26.0.sdk/System/Library/Frameworks/AdServices.framework; sourceTree = DEVELOPER_DIR; };
		4F90E15F2E070FC700C84525 /* CompetitionPricingCalculator.swift */ = {isa = PBXFileReference; lastKnownFileType = sourcecode.swift; path = CompetitionPricingCalculator.swift; sourceTree = "<group>"; };
		4F9439902D7F90760068AF24 /* Welcome.swift */ = {isa = PBXFileReference; lastKnownFileType = sourcecode.swift; path = Welcome.swift; sourceTree = "<group>"; };
		4FA5EE3A2DF31D3000355376 /* CustomShareSheet.swift */ = {isa = PBXFileReference; lastKnownFileType = sourcecode.swift; path = CustomShareSheet.swift; sourceTree = "<group>"; };
		4FA5EE3E2E03D7E600355376 /* Unlock.swift */ = {isa = PBXFileReference; lastKnownFileType = sourcecode.swift; path = Unlock.swift; sourceTree = "<group>"; };
		4FACC9DF2C33EE52003BF013 /* ContactAccess.swift */ = {isa = PBXFileReference; lastKnownFileType = sourcecode.swift; path = ContactAccess.swift; sourceTree = "<group>"; };
		4FAE0D4E2E99890D0006D260 /* BackgroundMusicManager.swift */ = {isa = PBXFileReference; lastKnownFileType = sourcecode.swift; path = BackgroundMusicManager.swift; sourceTree = "<group>"; };
		4FAE0D512E998A5C0006D260 /* background_music.mp3 */ = {isa = PBXFileReference; lastKnownFileType = audio.mp3; path = background_music.mp3; sourceTree = "<group>"; };
		4FB27D472DE054B100E10C8F /* PhotoInteraction.swift */ = {isa = PBXFileReference; lastKnownFileType = sourcecode.swift; path = PhotoInteraction.swift; sourceTree = "<group>"; };
		4FB27D4F2DE50DB400E10C8F /* ChatView.swift */ = {isa = PBXFileReference; lastKnownFileType = sourcecode.swift; path = ChatView.swift; sourceTree = "<group>"; };
		4FDE05562D993FCD002C592B /* AnalyticsService.swift */ = {isa = PBXFileReference; lastKnownFileType = sourcecode.swift; path = AnalyticsService.swift; sourceTree = "<group>"; };
		4FDE05582D99400B002C592B /* PostHogAnalyticsService.swift */ = {isa = PBXFileReference; lastKnownFileType = sourcecode.swift; path = PostHogAnalyticsService.swift; sourceTree = "<group>"; };
		4FE0B38F2D709EF6004BC0C2 /* PushNotificationSender.swift */ = {isa = PBXFileReference; lastKnownFileType = sourcecode.swift; path = PushNotificationSender.swift; sourceTree = "<group>"; };
		4FE0B3912D70FD94004BC0C2 /* NotificationQueueManager.swift */ = {isa = PBXFileReference; lastKnownFileType = sourcecode.swift; path = NotificationQueueManager.swift; sourceTree = "<group>"; };
		4FED5C5B2BF641BC00CC5BFE /* CameraViewModel.swift */ = {isa = PBXFileReference; lastKnownFileType = sourcecode.swift; path = CameraViewModel.swift; sourceTree = "<group>"; };
		4FED5C5D2BF6420300CC5BFE /* CameraInit.swift */ = {isa = PBXFileReference; lastKnownFileType = sourcecode.swift; path = CameraInit.swift; sourceTree = "<group>"; };
/* End PBXFileReference section */

/* Begin PBXFrameworksBuildPhase section */
		4F3E0CE62A846CE80068F901 /* Frameworks */ = {
			isa = PBXFrameworksBuildPhase;
			buildActionMask = 2147483647;
			files = (
				4F3E0D882A9BCB330068F901 /* SDWebImageSwiftUI in Frameworks */,
				4F3E0D2F2A86F6BF0068F901 /* FirebaseDatabase in Frameworks */,
				4F3E0D3D2A86F6BF0068F901 /* FirebaseFunctionsCombine-Community in Frameworks */,
				4F3E0D352A86F6BF0068F901 /* FirebaseFirestore in Frameworks */,
				4F3E0D212A86F6BF0068F901 /* FirebaseAnalyticsSwift in Frameworks */,
				4F3E0D1D2A86F6BF0068F901 /* FirebaseAnalytics in Frameworks */,
				4F3E0D1F2A86F6BF0068F901 /* FirebaseAnalyticsOnDeviceConversion in Frameworks */,
				4F3E0D452A86F6BF0068F901 /* FirebaseMLModelDownloader in Frameworks */,
				4F3E0D392A86F6BF0068F901 /* FirebaseFirestoreSwift in Frameworks */,
				4F3E0D252A86F6BF0068F901 /* FirebaseAppCheck in Frameworks */,
				4F3E0D232A86F6BF0068F901 /* FirebaseAnalyticsWithoutAdIdSupport in Frameworks */,
				4F3E0D292A86F6BF0068F901 /* FirebaseAuth in Frameworks */,
				4F3E0D2D2A86F6BF0068F901 /* FirebaseCrashlytics in Frameworks */,
				4F3E0D4D2A86F6BF0068F901 /* FirebaseRemoteConfigSwift in Frameworks */,
				4F3E0D3F2A86F6BF0068F901 /* FirebaseInAppMessaging-Beta in Frameworks */,
				4F3E0D312A86F6BF0068F901 /* FirebaseDatabaseSwift in Frameworks */,
				4FABA13A2B996A3800289489 /* PostHog in Frameworks */,
				4F3E0D3B2A86F6BF0068F901 /* FirebaseFunctions in Frameworks */,
				4F3E0D512A86F6BF0068F901 /* FirebaseStorageCombine-Community in Frameworks */,
				4F3E0D4B2A86F6BF0068F901 /* FirebaseRemoteConfig in Frameworks */,
				4F3E0D272A86F6BF0068F901 /* FirebaseAppDistribution-Beta in Frameworks */,
				4F3E0D2B2A86F6BF0068F901 /* FirebaseAuthCombine-Community in Frameworks */,
				4F382EA92B0F89D800669A58 /* NotificationBannerSwift in Frameworks */,
				4F3E0D492A86F6BF0068F901 /* FirebasePerformance in Frameworks */,
				4F3E0D412A86F6BF0068F901 /* FirebaseInAppMessagingSwift-Beta in Frameworks */,
				4F3E0D4F2A86F6BF0068F901 /* FirebaseStorage in Frameworks */,
				4F3E0DB22AB067DC0068F901 /* PhoneNumberKit in Frameworks */,
				4F3E0D332A86F6BF0068F901 /* FirebaseDynamicLinks in Frameworks */,
				4F3E0D372A86F6BF0068F901 /* FirebaseFirestoreCombine-Community in Frameworks */,
				4F3E0D472A86F6BF0068F901 /* FirebaseMessaging in Frameworks */,
				4F9439942D84E85C0068AF24 /* Kingfisher in Frameworks */,
				4F3E0D432A86F6BF0068F901 /* FirebaseInstallations in Frameworks */,
				4F3E0D962AA0DED80068F901 /* CountryPicker in Frameworks */,
			);
			runOnlyForDeploymentPostprocessing = 0;
		};
		4F3E0CF72A846CE90068F901 /* Frameworks */ = {
			isa = PBXFrameworksBuildPhase;
			buildActionMask = 2147483647;
			files = (
			);
			runOnlyForDeploymentPostprocessing = 0;
		};
		4F3E0D012A846CE90068F901 /* Frameworks */ = {
			isa = PBXFrameworksBuildPhase;
			buildActionMask = 2147483647;
			files = (
			);
			runOnlyForDeploymentPostprocessing = 0;
		};
/* End PBXFrameworksBuildPhase section */

/* Begin PBXGroup section */
		4F31B8932BDBAA85007892BC /* Auth */ = {
			isa = PBXGroup;
			children = (
				4F9439902D7F90760068AF24 /* Welcome.swift */,
				4F3E0D532A86FA3A0068F901 /* PhoneEntry.swift */,
				4F3E0D572A86FB1D0068F901 /* Verification.swift */,
				4F3E0D5B2A86FC010068F901 /* NameEntry.swift */,
			);
			path = Auth;
			sourceTree = "<group>";
		};
		4F31B8942BDBAB22007892BC /* User Management */ = {
			isa = PBXGroup;
			children = (
				4F3E0DA32AA89F0E0068F901 /* AddFriends.swift */,
				4F3E0DBC2AB342440068F901 /* MyFriends.swift */,
				4F3E0D9F2AA777240068F901 /* Settings.swift */,
				4F3E0DA12AA782DE0068F901 /* ChangeName.swift */,
				4F0D18262D56325600C1A236 /* ProfilePicture.swift */,
			);
			path = "User Management";
			sourceTree = "<group>";
		};
		4F31B8952BDBAB7D007892BC /* Groups */ = {
			isa = PBXGroup;
			children = (
				4FA5EE3A2DF31D3000355376 /* CustomShareSheet.swift */,
				4F375D082AEBBF990011F541 /* CompDetails.swift */,
				4F375D0F2B02A1320011F541 /* Entry.swift */,
				4F382E9F2B07CAA600669A58 /* MyComps.swift */,
				4F0416192BB5A97C00E3C7C0 /* Members.swift */,
				4F5C2C392BB49D2F0081CB59 /* JoinSelect.swift */,
				4F6D6EA72D42F7860040F26F /* EditCompetitionView.swift */,
				4F1E364E2DD28CBF003100DA /* UserPhotosView.swift */,
				4F39B29E2DD3C2DC00F75004 /* FullScreenPhotoView.swift */,
				4F39B2A62DD5447600F75004 /* ThemePhotosView.swift */,
				4FB27D4F2DE50DB400E10C8F /* ChatView.swift */,
				4F33595F2DE6E596003EF5E1 /* MessageComposerView.swift */,
				4F1146B52E166F6100CEAE21 /* SharedEntryComponents.swift */,
				4F1146B72E2CEAF800CEAE21 /* PredictionsDetailView.swift */,
			);
			path = Groups;
			sourceTree = "<group>";
		};
		4F31B8962BDBABB4007892BC /* Payments */ = {
			isa = PBXGroup;
			children = (
				4F56AB312B80DB1D005FFC96 /* PayView.swift */,
				4FA5EE3E2E03D7E600355376 /* Unlock.swift */,
			);
			path = Payments;
			sourceTree = "<group>";
		};
		4F39B29A2DD3755800F75004 /* Deep Link */ = {
			isa = PBXGroup;
			children = (
				4F39B29C2DD3758100F75004 /* DeepLinkHandler.swift */,
				4F39B2AA2DD5CB6C00F75004 /* ModalDismisser.swift */,
			);
			path = "Deep Link";
			sourceTree = "<group>";
		};
		4F3E0CE02A846CE80068F901 = {
			isa = PBXGroup;
			children = (
				4F3E0CEB2A846CE80068F901 /* Pingbear */,
				4F3E0CFD2A846CE90068F901 /* PingbearTests */,
				4F3E0D072A846CE90068F901 /* PingbearUITests */,
				4F80A1B42E93C82B00F09EFB /* Frameworks */,
				4F3E0CEA2A846CE80068F901 /* Products */,
			);
			sourceTree = "<group>";
		};
		4F3E0CEA2A846CE80068F901 /* Products */ = {
			isa = PBXGroup;
			children = (
				4F3E0CE92A846CE80068F901 /* Pingbear.app */,
				4F3E0CFA2A846CE90068F901 /* PingbearTests.xctest */,
				4F3E0D042A846CE90068F901 /* PingbearUITests.xctest */,
			);
			name = Products;
			sourceTree = "<group>";
		};
		4F3E0CEB2A846CE80068F901 /* Pingbear */ = {
			isa = PBXGroup;
			children = (
				4F3E0D632A8702FE0068F901 /* Info.plist */,
				4F39B29A2DD3755800F75004 /* Deep Link */,
				4F8FEE572BE22A920087479A /* Notifications */,
				4FDE05552D993F8B002C592B /* Analytics */,
				4F5326DD2E0C2C0E00E6D988 /* Parlay */,
				4FAE0D502E998A2E0006D260 /* Music */,
				4F3E0D662A895ACA0068F901 /* Extensions */,
				4F3E0D752A95129D0068F901 /* Models */,
				4F3E0D522A86F87C0068F901 /* Views */,
				4F3E0CEC2A846CE80068F901 /* PingbearApp.swift */,
				4F3E0CF02A846CE90068F901 /* Assets.xcassets */,
				4F33E4682B98F5D9003098E8 /* GoogleService-Info.plist */,
				4F3E0CF22A846CE90068F901 /* Pingbear.entitlements */,
				4F3E0CF32A846CE90068F901 /* Preview Content */,
			);
			path = Pingbear;
			sourceTree = "<group>";
		};
		4F3E0CF32A846CE90068F901 /* Preview Content */ = {
			isa = PBXGroup;
			children = (
				4F3E0CF42A846CE90068F901 /* Preview Assets.xcassets */,
			);
			path = "Preview Content";
			sourceTree = "<group>";
		};
		4F3E0CFD2A846CE90068F901 /* PingbearTests */ = {
			isa = PBXGroup;
			children = (
				4F3E0CFE2A846CE90068F901 /* PingbearTests.swift */,
			);
			path = PingbearTests;
			sourceTree = "<group>";
		};
		4F3E0D072A846CE90068F901 /* PingbearUITests */ = {
			isa = PBXGroup;
			children = (
				4F3E0D082A846CE90068F901 /* PingbearUITests.swift */,
				4F3E0D0A2A846CE90068F901 /* PingbearUITestsLaunchTests.swift */,
			);
			path = PingbearUITests;
			sourceTree = "<group>";
		};
		4F3E0D522A86F87C0068F901 /* Views */ = {
			isa = PBXGroup;
			children = (
				4FED5C5A2BF61F6D00CC5BFE /* Camera */,
				4F31B8952BDBAB7D007892BC /* Groups */,
				4F31B8932BDBAA85007892BC /* Auth */,
				4F31B8942BDBAB22007892BC /* User Management */,
				4F31B8962BDBABB4007892BC /* Payments */,
			);
			path = Views;
			sourceTree = "<group>";
		};
		4F3E0D662A895ACA0068F901 /* Extensions */ = {
			isa = PBXGroup;
			children = (
				4F3E0D672A895AE40068F901 /* Colour.swift */,
				4F3E0DB32AB1DE5E0068F901 /* EnvironmentValues.swift */,
				4F3E0D642A8949260068F901 /* Global.swift */,
			);
			path = Extensions;
			sourceTree = "<group>";
		};
		4F3E0D752A95129D0068F901 /* Models */ = {
			isa = PBXGroup;
			children = (
				4FB27D472DE054B100E10C8F /* PhotoInteraction.swift */,
				4F3E0D802A9B7BFB0068F901 /* PayViewModel.swift */,
				4F3E0DA52AA8A1CF0068F901 /* AddFriendsModel.swift */,
				4F3E0DBE2AB3430C0068F901 /* MyFriendsModel.swift */,
				4F375D112B02A1FC0011F541 /* EntryViewModel.swift */,
				4F375D152B0651EC0011F541 /* CompetitionsModel.swift */,
				4F04161B2BB5B53800E3C7C0 /* MembersViewModel.swift */,
				4FED5C5B2BF641BC00CC5BFE /* CameraViewModel.swift */,
				4F515AC32C0B5CCA003FE588 /* FirestoreListenerManager.swift */,
				4FACC9DF2C33EE52003BF013 /* ContactAccess.swift */,
				4F1C03CE2DB0E336001C9CE1 /* ThemeModel.swift */,
				4F39B2A02DD3C50100F75004 /* UserPhotosViewModel.swift */,
				4F39B2A82DD5449B00F75004 /* ThemePhotosViewModel.swift */,
				4F3359572DE5E983003EF5E1 /* ChatMessageModel.swift */,
				4F3359592DE5E9A0003EF5E1 /* ChatViewModel.swift */,
				4F33595D2DE65507003EF5E1 /* ChatIndicatorViewModel.swift */,
			);
			path = Models;
			sourceTree = "<group>";
		};
		4F5326DD2E0C2C0E00E6D988 /* Parlay */ = {
			isa = PBXGroup;
			children = (
				4F90E15F2E070FC700C84525 /* CompetitionPricingCalculator.swift */,
				4F5326DE2E0C2C3D00E6D988 /* ParlayManager.swift */,
			);
			path = Parlay;
			sourceTree = "<group>";
		};
		4F80A1B42E93C82B00F09EFB /* Frameworks */ = {
			isa = PBXGroup;
			children = (
				4F80A1B52E93C82B00F09EFB /* AdServices.framework */,
			);
			name = Frameworks;
			sourceTree = "<group>";
		};
		4F8FEE572BE22A920087479A /* Notifications */ = {
			isa = PBXGroup;
			children = (
				4F34080D2D3029C400F21247 /* PushNotificationManager.swift */,
				4FE0B38F2D709EF6004BC0C2 /* PushNotificationSender.swift */,
				4FE0B3912D70FD94004BC0C2 /* NotificationQueueManager.swift */,
			);
			path = Notifications;
			sourceTree = "<group>";
		};
		4FAE0D502E998A2E0006D260 /* Music */ = {
			isa = PBXGroup;
			children = (
				4FAE0D4E2E99890D0006D260 /* BackgroundMusicManager.swift */,
				4FAE0D512E998A5C0006D260 /* background_music.mp3 */,
			);
			path = Music;
			sourceTree = "<group>";
		};
		4FDE05552D993F8B002C592B /* Analytics */ = {
			isa = PBXGroup;
			children = (
				4FDE05562D993FCD002C592B /* AnalyticsService.swift */,
				4FDE05582D99400B002C592B /* PostHogAnalyticsService.swift */,
			);
			path = Analytics;
			sourceTree = "<group>";
		};
		4FED5C5A2BF61F6D00CC5BFE /* Camera */ = {
			isa = PBXGroup;
			children = (
				4F375D0A2AF444B70011F541 /* Camera.swift */,
				4F2A809B2C7B1CBC00BF51C8 /* FinalPreview.swift */,
				4FED5C5D2BF6420300CC5BFE /* CameraInit.swift */,
				4F1F6CDC2DB0255200083C42 /* EntryUploadManager.swift */,
				4F1C03D22DB107D7001C9CE1 /* ThemeSelectionSheet.swift */,
			);
			path = Camera;
			sourceTree = "<group>";
		};
/* End PBXGroup section */

/* Begin PBXNativeTarget section */
		4F3E0CE82A846CE80068F901 /* Pingbear */ = {
			isa = PBXNativeTarget;
			buildConfigurationList = 4F3E0D0E2A846CE90068F901 /* Build configuration list for PBXNativeTarget "Pingbear" */;
			buildPhases = (
				4F3E0CE52A846CE80068F901 /* Sources */,
				4F3E0CE62A846CE80068F901 /* Frameworks */,
				4F3E0CE72A846CE80068F901 /* Resources */,
			);
			buildRules = (
			);
			dependencies = (
			);
			name = Pingbear;
			packageProductDependencies = (
				4F3E0D1C2A86F6BF0068F901 /* FirebaseAnalytics */,
				4F3E0D1E2A86F6BF0068F901 /* FirebaseAnalyticsOnDeviceConversion */,
				4F3E0D202A86F6BF0068F901 /* FirebaseAnalyticsSwift */,
				4F3E0D222A86F6BF0068F901 /* FirebaseAnalyticsWithoutAdIdSupport */,
				4F3E0D242A86F6BF0068F901 /* FirebaseAppCheck */,
				4F3E0D262A86F6BF0068F901 /* FirebaseAppDistribution-Beta */,
				4F3E0D282A86F6BF0068F901 /* FirebaseAuth */,
				4F3E0D2A2A86F6BF0068F901 /* FirebaseAuthCombine-Community */,
				4F3E0D2C2A86F6BF0068F901 /* FirebaseCrashlytics */,
				4F3E0D2E2A86F6BF0068F901 /* FirebaseDatabase */,
				4F3E0D302A86F6BF0068F901 /* FirebaseDatabaseSwift */,
				4F3E0D322A86F6BF0068F901 /* FirebaseDynamicLinks */,
				4F3E0D342A86F6BF0068F901 /* FirebaseFirestore */,
				4F3E0D362A86F6BF0068F901 /* FirebaseFirestoreCombine-Community */,
				4F3E0D382A86F6BF0068F901 /* FirebaseFirestoreSwift */,
				4F3E0D3A2A86F6BF0068F901 /* FirebaseFunctions */,
				4F3E0D3C2A86F6BF0068F901 /* FirebaseFunctionsCombine-Community */,
				4F3E0D3E2A86F6BF0068F901 /* FirebaseInAppMessaging-Beta */,
				4F3E0D402A86F6BF0068F901 /* FirebaseInAppMessagingSwift-Beta */,
				4F3E0D422A86F6BF0068F901 /* FirebaseInstallations */,
				4F3E0D442A86F6BF0068F901 /* FirebaseMLModelDownloader */,
				4F3E0D462A86F6BF0068F901 /* FirebaseMessaging */,
				4F3E0D482A86F6BF0068F901 /* FirebasePerformance */,
				4F3E0D4A2A86F6BF0068F901 /* FirebaseRemoteConfig */,
				4F3E0D4C2A86F6BF0068F901 /* FirebaseRemoteConfigSwift */,
				4F3E0D4E2A86F6BF0068F901 /* FirebaseStorage */,
				4F3E0D502A86F6BF0068F901 /* FirebaseStorageCombine-Community */,
				4F3E0D872A9BCB330068F901 /* SDWebImageSwiftUI */,
				4F3E0D952AA0DED80068F901 /* CountryPicker */,
				4F3E0DB12AB067DC0068F901 /* PhoneNumberKit */,
				4F382EA82B0F89D800669A58 /* NotificationBannerSwift */,
				4FABA1392B996A3800289489 /* PostHog */,
				4F9439932D84E85C0068AF24 /* Kingfisher */,
			);
			productName = Pingbear;
			productReference = 4F3E0CE92A846CE80068F901 /* Pingbear.app */;
			productType = "com.apple.product-type.application";
		};
		4F3E0CF92A846CE90068F901 /* PingbearTests */ = {
			isa = PBXNativeTarget;
			buildConfigurationList = 4F3E0D112A846CE90068F901 /* Build configuration list for PBXNativeTarget "PingbearTests" */;
			buildPhases = (
				4F3E0CF62A846CE90068F901 /* Sources */,
				4F3E0CF72A846CE90068F901 /* Frameworks */,
				4F3E0CF82A846CE90068F901 /* Resources */,
			);
			buildRules = (
			);
			dependencies = (
				4F3E0CFC2A846CE90068F901 /* PBXTargetDependency */,
			);
			name = PingbearTests;
			productName = PingbearTests;
			productReference = 4F3E0CFA2A846CE90068F901 /* PingbearTests.xctest */;
			productType = "com.apple.product-type.bundle.unit-test";
		};
		4F3E0D032A846CE90068F901 /* PingbearUITests */ = {
			isa = PBXNativeTarget;
			buildConfigurationList = 4F3E0D142A846CE90068F901 /* Build configuration list for PBXNativeTarget "PingbearUITests" */;
			buildPhases = (
				4F3E0D002A846CE90068F901 /* Sources */,
				4F3E0D012A846CE90068F901 /* Frameworks */,
				4F3E0D022A846CE90068F901 /* Resources */,
			);
			buildRules = (
			);
			dependencies = (
				4F3E0D062A846CE90068F901 /* PBXTargetDependency */,
			);
			name = PingbearUITests;
			productName = PingbearUITests;
			productReference = 4F3E0D042A846CE90068F901 /* PingbearUITests.xctest */;
			productType = "com.apple.product-type.bundle.ui-testing";
		};
/* End PBXNativeTarget section */

/* Begin PBXProject section */
		4F3E0CE12A846CE80068F901 /* Project object */ = {
			isa = PBXProject;
			attributes = {
				BuildIndependentTargetsInParallel = 1;
				LastSwiftUpdateCheck = 1430;
				LastUpgradeCheck = 1430;
				TargetAttributes = {
					4F3E0CE82A846CE80068F901 = {
						CreatedOnToolsVersion = 14.3.1;
					};
					4F3E0CF92A846CE90068F901 = {
						CreatedOnToolsVersion = 14.3.1;
						TestTargetID = 4F3E0CE82A846CE80068F901;
					};
					4F3E0D032A846CE90068F901 = {
						CreatedOnToolsVersion = 14.3.1;
						TestTargetID = 4F3E0CE82A846CE80068F901;
					};
				};
			};
			buildConfigurationList = 4F3E0CE42A846CE80068F901 /* Build configuration list for PBXProject "Pingbear" */;
			compatibilityVersion = "Xcode 14.0";
			developmentRegion = en;
			hasScannedForEncodings = 0;
			knownRegions = (
				en,
				Base,
			);
			mainGroup = 4F3E0CE02A846CE80068F901;
			packageReferences = (
				4F3E0D1B2A86F6BF0068F901 /* XCRemoteSwiftPackageReference "firebase-ios-sdk" */,
				4F3E0D862A9BCB330068F901 /* XCRemoteSwiftPackageReference "SDWebImageSwiftUI" */,
				4F3E0D942AA0DED80068F901 /* XCRemoteSwiftPackageReference "CountryPicker" */,
				4F3E0DB02AB067DC0068F901 /* XCRemoteSwiftPackageReference "PhoneNumberKit" */,
				4F382EA72B0F89D800669A58 /* XCRemoteSwiftPackageReference "NotificationBanner" */,
				4FABA1382B996A3800289489 /* XCRemoteSwiftPackageReference "posthog-ios" */,
				4F9439922D84E7C20068AF24 /* XCRemoteSwiftPackageReference "Kingfisher" */,
			);
			productRefGroup = 4F3E0CEA2A846CE80068F901 /* Products */;
			projectDirPath = "";
			projectRoot = "";
			targets = (
				4F3E0CE82A846CE80068F901 /* Pingbear */,
				4F3E0CF92A846CE90068F901 /* PingbearTests */,
				4F3E0D032A846CE90068F901 /* PingbearUITests */,
			);
		};
/* End PBXProject section */

/* Begin PBXResourcesBuildPhase section */
		4F3E0CE72A846CE80068F901 /* Resources */ = {
			isa = PBXResourcesBuildPhase;
			buildActionMask = 2147483647;
			files = (
				4F3E0CF52A846CE90068F901 /* Preview Assets.xcassets in Resources */,
				4FAE0D522E998A5C0006D260 /* background_music.mp3 in Resources */,
				4F3E0CF12A846CE90068F901 /* Assets.xcassets in Resources */,
				4F33E4692B98F5D9003098E8 /* GoogleService-Info.plist in Resources */,
			);
			runOnlyForDeploymentPostprocessing = 0;
		};
		4F3E0CF82A846CE90068F901 /* Resources */ = {
			isa = PBXResourcesBuildPhase;
			buildActionMask = 2147483647;
			files = (
			);
			runOnlyForDeploymentPostprocessing = 0;
		};
		4F3E0D022A846CE90068F901 /* Resources */ = {
			isa = PBXResourcesBuildPhase;
			buildActionMask = 2147483647;
			files = (
			);
			runOnlyForDeploymentPostprocessing = 0;
		};
/* End PBXResourcesBuildPhase section */

/* Begin PBXSourcesBuildPhase section */
		4F3E0CE52A846CE80068F901 /* Sources */ = {
			isa = PBXSourcesBuildPhase;
			buildActionMask = 2147483647;
			files = (
				4FE0B3922D70FD94004BC0C2 /* NotificationQueueManager.swift in Sources */,
				4F375D102B02A1320011F541 /* Entry.swift in Sources */,
				4F5326DF2E0C2C3D00E6D988 /* ParlayManager.swift in Sources */,
				4F382EA02B07CAA600669A58 /* MyComps.swift in Sources */,
				4F1C03CF2DB0E337001C9CE1 /* ThemeModel.swift in Sources */,
				4FB27D502DE50DB400E10C8F /* ChatView.swift in Sources */,
				4F3E0D582A86FB1D0068F901 /* Verification.swift in Sources */,
				4F3E0D812A9B7BFB0068F901 /* PayViewModel.swift in Sources */,
				4FB27D482DE054B300E10C8F /* PhotoInteraction.swift in Sources */,
				4F0D18272D56325600C1A236 /* ProfilePicture.swift in Sources */,
				4FED5C5C2BF641BC00CC5BFE /* CameraViewModel.swift in Sources */,
				4FAE0D4F2E99890D0006D260 /* BackgroundMusicManager.swift in Sources */,
				4FACC9E02C33EE52003BF013 /* ContactAccess.swift in Sources */,
				4F33595E2DE65507003EF5E1 /* ChatIndicatorViewModel.swift in Sources */,
				4F1F6CDD2DB0255200083C42 /* EntryUploadManager.swift in Sources */,
				4F1C03D32DB107D7001C9CE1 /* ThemeSelectionSheet.swift in Sources */,
				4F1146B82E2CEAF800CEAE21 /* PredictionsDetailView.swift in Sources */,
				4F39B2A72DD5447600F75004 /* ThemePhotosView.swift in Sources */,
				4F3359602DE6E596003EF5E1 /* MessageComposerView.swift in Sources */,
				4F375D092AEBBF990011F541 /* CompDetails.swift in Sources */,
				4FE0B3902D709EF6004BC0C2 /* PushNotificationSender.swift in Sources */,
				4F375D162B0651EC0011F541 /* CompetitionsModel.swift in Sources */,
				4F3359582DE5E983003EF5E1 /* ChatMessageModel.swift in Sources */,
				4F39B2AB2DD5CB6C00F75004 /* ModalDismisser.swift in Sources */,
				4F5C2C3A2BB49D2F0081CB59 /* JoinSelect.swift in Sources */,
				4F3E0DA22AA782DE0068F901 /* ChangeName.swift in Sources */,
				4F2A809C2C7B1CBC00BF51C8 /* FinalPreview.swift in Sources */,
				4F39B29F2DD3C2DC00F75004 /* FullScreenPhotoView.swift in Sources */,
				4FA5EE3B2DF31D3000355376 /* CustomShareSheet.swift in Sources */,
				4F3E0D682A895AE40068F901 /* Colour.swift in Sources */,
				4F6D6EA82D42F7860040F26F /* EditCompetitionView.swift in Sources */,
				4F39B29D2DD3758100F75004 /* DeepLinkHandler.swift in Sources */,
				4F3E0DBF2AB3430C0068F901 /* MyFriendsModel.swift in Sources */,
				4F1E364F2DD28CBF003100DA /* UserPhotosView.swift in Sources */,
				4F9439912D7F90760068AF24 /* Welcome.swift in Sources */,
				4FED5C5E2BF6420300CC5BFE /* CameraInit.swift in Sources */,
				4F34080E2D3029C400F21247 /* PushNotificationManager.swift in Sources */,
				4FDE05592D99400B002C592B /* PostHogAnalyticsService.swift in Sources */,
				4FDE05572D993FCD002C592B /* AnalyticsService.swift in Sources */,
				4FA5EE3F2E03D7E600355376 /* Unlock.swift in Sources */,
				4F3E0DBD2AB342440068F901 /* MyFriends.swift in Sources */,
				4F04161A2BB5A97C00E3C7C0 /* Members.swift in Sources */,
				4F3E0D5C2A86FC010068F901 /* NameEntry.swift in Sources */,
				4F515AC42C0B5CCA003FE588 /* FirestoreListenerManager.swift in Sources */,
				4F3E0D542A86FA3A0068F901 /* PhoneEntry.swift in Sources */,
				4F04161C2BB5B53800E3C7C0 /* MembersViewModel.swift in Sources */,
				4F56AB322B80DB1D005FFC96 /* PayView.swift in Sources */,
				4F1146B62E166F6100CEAE21 /* SharedEntryComponents.swift in Sources */,
				4F3E0D652A8949260068F901 /* Global.swift in Sources */,
				4F39B2A12DD3C50100F75004 /* UserPhotosViewModel.swift in Sources */,
				4F375D122B02A1FC0011F541 /* EntryViewModel.swift in Sources */,
				4F375D0B2AF444B70011F541 /* Camera.swift in Sources */,
				4F3E0DA62AA8A1CF0068F901 /* AddFriendsModel.swift in Sources */,
				4F39B2A92DD5449B00F75004 /* ThemePhotosViewModel.swift in Sources */,
				4F3E0DB42AB1DE5E0068F901 /* EnvironmentValues.swift in Sources */,
				4F3E0DA42AA89F0E0068F901 /* AddFriends.swift in Sources */,
				4F90E1602E070FC700C84525 /* CompetitionPricingCalculator.swift in Sources */,
				4F3E0CED2A846CE80068F901 /* PingbearApp.swift in Sources */,
				4F33595A2DE5E9A0003EF5E1 /* ChatViewModel.swift in Sources */,
				4F3E0DA02AA777240068F901 /* Settings.swift in Sources */,
			);
			runOnlyForDeploymentPostprocessing = 0;
		};
		4F3E0CF62A846CE90068F901 /* Sources */ = {
			isa = PBXSourcesBuildPhase;
			buildActionMask = 2147483647;
			files = (
				4F3E0CFF2A846CE90068F901 /* PingbearTests.swift in Sources */,
			);
			runOnlyForDeploymentPostprocessing = 0;
		};
		4F3E0D002A846CE90068F901 /* Sources */ = {
			isa = PBXSourcesBuildPhase;
			buildActionMask = 2147483647;
			files = (
				4F3E0D0B2A846CE90068F901 /* PingbearUITestsLaunchTests.swift in Sources */,
				4F3E0D092A846CE90068F901 /* PingbearUITests.swift in Sources */,
			);
			runOnlyForDeploymentPostprocessing = 0;
		};
/* End PBXSourcesBuildPhase section */

/* Begin PBXTargetDependency section */
		4F3E0CFC2A846CE90068F901 /* PBXTargetDependency */ = {
			isa = PBXTargetDependency;
			target = 4F3E0CE82A846CE80068F901 /* Pingbear */;
			targetProxy = 4F3E0CFB2A846CE90068F901 /* PBXContainerItemProxy */;
		};
		4F3E0D062A846CE90068F901 /* PBXTargetDependency */ = {
			isa = PBXTargetDependency;
			target = 4F3E0CE82A846CE80068F901 /* Pingbear */;
			targetProxy = 4F3E0D052A846CE90068F901 /* PBXContainerItemProxy */;
		};
/* End PBXTargetDependency section */

/* Begin XCBuildConfiguration section */
		4F3E0D0C2A846CE90068F901 /* Debug */ = {
			isa = XCBuildConfiguration;
			buildSettings = {
				ALWAYS_SEARCH_USER_PATHS = NO;
				CLANG_ANALYZER_NONNULL = YES;
				CLANG_ANALYZER_NUMBER_OBJECT_CONVERSION = YES_AGGRESSIVE;
				CLANG_CXX_LANGUAGE_STANDARD = "gnu++20";
				CLANG_ENABLE_MODULES = YES;
				CLANG_ENABLE_OBJC_ARC = YES;
				CLANG_ENABLE_OBJC_WEAK = YES;
				CLANG_WARN_BLOCK_CAPTURE_AUTORELEASING = YES;
				CLANG_WARN_BOOL_CONVERSION = YES;
				CLANG_WARN_COMMA = YES;
				CLANG_WARN_CONSTANT_CONVERSION = YES;
				CLANG_WARN_DEPRECATED_OBJC_IMPLEMENTATIONS = YES;
				CLANG_WARN_DIRECT_OBJC_ISA_USAGE = YES_ERROR;
				CLANG_WARN_DOCUMENTATION_COMMENTS = YES;
				CLANG_WARN_EMPTY_BODY = YES;
				CLANG_WARN_ENUM_CONVERSION = YES;
				CLANG_WARN_INFINITE_RECURSION = YES;
				CLANG_WARN_INT_CONVERSION = YES;
				CLANG_WARN_NON_LITERAL_NULL_CONVERSION = YES;
				CLANG_WARN_OBJC_IMPLICIT_RETAIN_SELF = YES;
				CLANG_WARN_OBJC_LITERAL_CONVERSION = YES;
				CLANG_WARN_OBJC_ROOT_CLASS = YES_ERROR;
				CLANG_WARN_QUOTED_INCLUDE_IN_FRAMEWORK_HEADER = YES;
				CLANG_WARN_RANGE_LOOP_ANALYSIS = YES;
				CLANG_WARN_STRICT_PROTOTYPES = YES;
				CLANG_WARN_SUSPICIOUS_MOVE = YES;
				CLANG_WARN_UNGUARDED_AVAILABILITY = YES_AGGRESSIVE;
				CLANG_WARN_UNREACHABLE_CODE = YES;
				CLANG_WARN__DUPLICATE_METHOD_MATCH = YES;
				COPY_PHASE_STRIP = NO;
				DEBUG_INFORMATION_FORMAT = dwarf;
				ENABLE_STRICT_OBJC_MSGSEND = YES;
				ENABLE_TESTABILITY = YES;
				GCC_C_LANGUAGE_STANDARD = gnu11;
				GCC_DYNAMIC_NO_PIC = NO;
				GCC_NO_COMMON_BLOCKS = YES;
				GCC_OPTIMIZATION_LEVEL = 0;
				GCC_PREPROCESSOR_DEFINITIONS = (
					"DEBUG=1",
					"$(inherited)",
				);
				GCC_WARN_64_TO_32_BIT_CONVERSION = YES;
				GCC_WARN_ABOUT_RETURN_TYPE = YES_ERROR;
				GCC_WARN_UNDECLARED_SELECTOR = YES;
				GCC_WARN_UNINITIALIZED_AUTOS = YES_AGGRESSIVE;
				GCC_WARN_UNUSED_FUNCTION = YES;
				GCC_WARN_UNUSED_VARIABLE = YES;
				MTL_ENABLE_DEBUG_INFO = INCLUDE_SOURCE;
				MTL_FAST_MATH = YES;
				ONLY_ACTIVE_ARCH = YES;
				SWIFT_ACTIVE_COMPILATION_CONDITIONS = DEBUG;
				SWIFT_OPTIMIZATION_LEVEL = "-Onone";
			};
			name = Debug;
		};
		4F3E0D0D2A846CE90068F901 /* Release */ = {
			isa = XCBuildConfiguration;
			buildSettings = {
				ALWAYS_SEARCH_USER_PATHS = NO;
				CLANG_ANALYZER_NONNULL = YES;
				CLANG_ANALYZER_NUMBER_OBJECT_CONVERSION = YES_AGGRESSIVE;
				CLANG_CXX_LANGUAGE_STANDARD = "gnu++20";
				CLANG_ENABLE_MODULES = YES;
				CLANG_ENABLE_OBJC_ARC = YES;
				CLANG_ENABLE_OBJC_WEAK = YES;
				CLANG_WARN_BLOCK_CAPTURE_AUTORELEASING = YES;
				CLANG_WARN_BOOL_CONVERSION = YES;
				CLANG_WARN_COMMA = YES;
				CLANG_WARN_CONSTANT_CONVERSION = YES;
				CLANG_WARN_DEPRECATED_OBJC_IMPLEMENTATIONS = YES;
				CLANG_WARN_DIRECT_OBJC_ISA_USAGE = YES_ERROR;
				CLANG_WARN_DOCUMENTATION_COMMENTS = YES;
				CLANG_WARN_EMPTY_BODY = YES;
				CLANG_WARN_ENUM_CONVERSION = YES;
				CLANG_WARN_INFINITE_RECURSION = YES;
				CLANG_WARN_INT_CONVERSION = YES;
				CLANG_WARN_NON_LITERAL_NULL_CONVERSION = YES;
				CLANG_WARN_OBJC_IMPLICIT_RETAIN_SELF = YES;
				CLANG_WARN_OBJC_LITERAL_CONVERSION = YES;
				CLANG_WARN_OBJC_ROOT_CLASS = YES_ERROR;
				CLANG_WARN_QUOTED_INCLUDE_IN_FRAMEWORK_HEADER = YES;
				CLANG_WARN_RANGE_LOOP_ANALYSIS = YES;
				CLANG_WARN_STRICT_PROTOTYPES = YES;
				CLANG_WARN_SUSPICIOUS_MOVE = YES;
				CLANG_WARN_UNGUARDED_AVAILABILITY = YES_AGGRESSIVE;
				CLANG_WARN_UNREACHABLE_CODE = YES;
				CLANG_WARN__DUPLICATE_METHOD_MATCH = YES;
				COPY_PHASE_STRIP = NO;
				DEBUG_INFORMATION_FORMAT = "dwarf-with-dsym";
				ENABLE_NS_ASSERTIONS = NO;
				ENABLE_STRICT_OBJC_MSGSEND = YES;
				GCC_C_LANGUAGE_STANDARD = gnu11;
				GCC_NO_COMMON_BLOCKS = YES;
				GCC_WARN_64_TO_32_BIT_CONVERSION = YES;
				GCC_WARN_ABOUT_RETURN_TYPE = YES_ERROR;
				GCC_WARN_UNDECLARED_SELECTOR = YES;
				GCC_WARN_UNINITIALIZED_AUTOS = YES_AGGRESSIVE;
				GCC_WARN_UNUSED_FUNCTION = YES;
				GCC_WARN_UNUSED_VARIABLE = YES;
				MTL_ENABLE_DEBUG_INFO = NO;
				MTL_FAST_MATH = YES;
				SWIFT_COMPILATION_MODE = wholemodule;
				SWIFT_OPTIMIZATION_LEVEL = "-O";
			};
			name = Release;
		};
		4F3E0D0F2A846CE90068F901 /* Debug */ = {
			isa = XCBuildConfiguration;
			buildSettings = {
				ASSETCATALOG_COMPILER_APPICON_NAME = AppIcon;
				ASSETCATALOG_COMPILER_GLOBAL_ACCENT_COLOR_NAME = AccentColor;
				CODE_SIGN_ENTITLEMENTS = Pingbear/Pingbear.entitlements;
				CODE_SIGN_STYLE = Automatic;
				CURRENT_PROJECT_VERSION = 371;
				DEBUG_INFORMATION_FORMAT = "dwarf-with-dsym";
				DEVELOPMENT_ASSET_PATHS = "\"Pingbear/Preview Content\"";
				DEVELOPMENT_TEAM = 27J5KH92LA;
				ENABLE_HARDENED_RUNTIME = YES;
				"ENABLE_HARDENED_RUNTIME[sdk=macosx*]" = YES;
				ENABLE_PREVIEWS = YES;
				GENERATE_INFOPLIST_FILE = YES;
				INFOPLIST_FILE = Pingbear/Info.plist;
				INFOPLIST_KEY_CFBundleDisplayName = SocialStar;
				INFOPLIST_KEY_LSApplicationCategoryType = "public.app-category.entertainment";
				INFOPLIST_KEY_NSCameraUsageDescription = "The camera lets you take photos to share with other players in the game.";
				INFOPLIST_KEY_NSContactsUsageDescription = "SocialStar uses your contacts to help you connect with friends already on the platform. Your contacts won't be stored or shared with anyone.";
				INFOPLIST_KEY_NSMicrophoneUsageDescription = "This app requires microphone access to capture audio with your videos.";
				"INFOPLIST_KEY_UIApplicationSceneManifest_Generation[sdk=iphoneos*]" = YES;
				"INFOPLIST_KEY_UIApplicationSceneManifest_Generation[sdk=iphonesimulator*]" = YES;
				"INFOPLIST_KEY_UIApplicationSupportsIndirectInputEvents[sdk=iphoneos*]" = YES;
				"INFOPLIST_KEY_UIApplicationSupportsIndirectInputEvents[sdk=iphonesimulator*]" = YES;
				"INFOPLIST_KEY_UILaunchScreen_Generation[sdk=iphoneos*]" = YES;
				"INFOPLIST_KEY_UILaunchScreen_Generation[sdk=iphonesimulator*]" = YES;
				INFOPLIST_KEY_UIStatusBarHidden = NO;
				INFOPLIST_KEY_UIStatusBarStyle = UIStatusBarStyleDarkContent;
				"INFOPLIST_KEY_UIStatusBarStyle[sdk=iphoneos*]" = UIStatusBarStyleDefault;
				"INFOPLIST_KEY_UIStatusBarStyle[sdk=iphonesimulator*]" = UIStatusBarStyleDefault;
				INFOPLIST_KEY_UISupportedInterfaceOrientations = UIInterfaceOrientationPortrait;
				INFOPLIST_KEY_UIUserInterfaceStyle = Dark;
				IPHONEOS_DEPLOYMENT_TARGET = 16.4;
				LD_RUNPATH_SEARCH_PATHS = "@executable_path/Frameworks";
				"LD_RUNPATH_SEARCH_PATHS[sdk=macosx*]" = "@executable_path/../Frameworks";
				MACOSX_DEPLOYMENT_TARGET = 13.3;
				MARKETING_VERSION = 32.6;
				PRODUCT_BUNDLE_IDENTIFIER = com.pordio.Chay;
				PRODUCT_NAME = "$(TARGET_NAME)";
				SDKROOT = auto;
				SUPPORTED_PLATFORMS = "iphoneos iphonesimulator";
				SUPPORTS_MACCATALYST = NO;
				SUPPORTS_MAC_DESIGNED_FOR_IPHONE_IPAD = NO;
				SWIFT_EMIT_LOC_STRINGS = YES;
				SWIFT_VERSION = 5.0;
				TARGETED_DEVICE_FAMILY = 1;
			};
			name = Debug;
		};
		4F3E0D102A846CE90068F901 /* Release */ = {
			isa = XCBuildConfiguration;
			buildSettings = {
				ASSETCATALOG_COMPILER_APPICON_NAME = AppIcon;
				ASSETCATALOG_COMPILER_GLOBAL_ACCENT_COLOR_NAME = AccentColor;
				CODE_SIGN_ENTITLEMENTS = Pingbear/Pingbear.entitlements;
				CODE_SIGN_STYLE = Automatic;
				CURRENT_PROJECT_VERSION = 371;
				DEVELOPMENT_ASSET_PATHS = "\"Pingbear/Preview Content\"";
				DEVELOPMENT_TEAM = 27J5KH92LA;
				ENABLE_HARDENED_RUNTIME = YES;
				"ENABLE_HARDENED_RUNTIME[sdk=macosx*]" = YES;
				ENABLE_PREVIEWS = YES;
				GENERATE_INFOPLIST_FILE = YES;
				INFOPLIST_FILE = Pingbear/Info.plist;
				INFOPLIST_KEY_CFBundleDisplayName = SocialStar;
				INFOPLIST_KEY_LSApplicationCategoryType = "public.app-category.entertainment";
				INFOPLIST_KEY_NSCameraUsageDescription = "The camera lets you take photos to share with other players in the game.";
				INFOPLIST_KEY_NSContactsUsageDescription = "SocialStar uses your contacts to help you connect with friends already on the platform. Your contacts won't be stored or shared with anyone.";
				INFOPLIST_KEY_NSMicrophoneUsageDescription = "This app requires microphone access to capture audio with your videos.";
				"INFOPLIST_KEY_UIApplicationSceneManifest_Generation[sdk=iphoneos*]" = YES;
				"INFOPLIST_KEY_UIApplicationSceneManifest_Generation[sdk=iphonesimulator*]" = YES;
				"INFOPLIST_KEY_UIApplicationSupportsIndirectInputEvents[sdk=iphoneos*]" = YES;
				"INFOPLIST_KEY_UIApplicationSupportsIndirectInputEvents[sdk=iphonesimulator*]" = YES;
				"INFOPLIST_KEY_UILaunchScreen_Generation[sdk=iphoneos*]" = YES;
				"INFOPLIST_KEY_UILaunchScreen_Generation[sdk=iphonesimulator*]" = YES;
				INFOPLIST_KEY_UIStatusBarHidden = NO;
				INFOPLIST_KEY_UIStatusBarStyle = UIStatusBarStyleDarkContent;
				"INFOPLIST_KEY_UIStatusBarStyle[sdk=iphoneos*]" = UIStatusBarStyleDefault;
				"INFOPLIST_KEY_UIStatusBarStyle[sdk=iphonesimulator*]" = UIStatusBarStyleDefault;
				INFOPLIST_KEY_UISupportedInterfaceOrientations = UIInterfaceOrientationPortrait;
				INFOPLIST_KEY_UIUserInterfaceStyle = Dark;
				IPHONEOS_DEPLOYMENT_TARGET = 16.4;
				LD_RUNPATH_SEARCH_PATHS = "@executable_path/Frameworks";
				"LD_RUNPATH_SEARCH_PATHS[sdk=macosx*]" = "@executable_path/../Frameworks";
				MACOSX_DEPLOYMENT_TARGET = 13.3;
				MARKETING_VERSION = 32.6;
				PRODUCT_BUNDLE_IDENTIFIER = com.pordio.Chay;
				PRODUCT_NAME = "$(TARGET_NAME)";
				SDKROOT = auto;
				STRIP_INSTALLED_PRODUCT = NO;
				SUPPORTED_PLATFORMS = "iphoneos iphonesimulator";
				SUPPORTS_MACCATALYST = NO;
				SUPPORTS_MAC_DESIGNED_FOR_IPHONE_IPAD = NO;
				SWIFT_EMIT_LOC_STRINGS = YES;
				SWIFT_VERSION = 5.0;
				TARGETED_DEVICE_FAMILY = 1;
			};
			name = Release;
		};
		4F3E0D122A846CE90068F901 /* Debug */ = {
			isa = XCBuildConfiguration;
			buildSettings = {
				ALWAYS_EMBED_SWIFT_STANDARD_LIBRARIES = YES;
				BUNDLE_LOADER = "$(TEST_HOST)";
				CODE_SIGN_STYLE = Automatic;
				CURRENT_PROJECT_VERSION = 1;
				DEVELOPMENT_TEAM = YYP83W9W72;
				GENERATE_INFOPLIST_FILE = YES;
				IPHONEOS_DEPLOYMENT_TARGET = 16.4;
				MACOSX_DEPLOYMENT_TARGET = 13.3;
				MARKETING_VERSION = 1.0;
				PRODUCT_BUNDLE_IDENTIFIER = com.nokeai.PingbearTests;
				PRODUCT_NAME = "$(TARGET_NAME)";
				SDKROOT = auto;
				SUPPORTED_PLATFORMS = "iphoneos iphonesimulator macosx";
				SWIFT_EMIT_LOC_STRINGS = NO;
				SWIFT_VERSION = 5.0;
				TARGETED_DEVICE_FAMILY = "1,2";
				TEST_HOST = "$(BUILT_PRODUCTS_DIR)/Pingbear.app/$(BUNDLE_EXECUTABLE_FOLDER_PATH)/Pingbear";
			};
			name = Debug;
		};
		4F3E0D132A846CE90068F901 /* Release */ = {
			isa = XCBuildConfiguration;
			buildSettings = {
				ALWAYS_EMBED_SWIFT_STANDARD_LIBRARIES = YES;
				BUNDLE_LOADER = "$(TEST_HOST)";
				CODE_SIGN_STYLE = Automatic;
				CURRENT_PROJECT_VERSION = 1;
				DEVELOPMENT_TEAM = YYP83W9W72;
				GENERATE_INFOPLIST_FILE = YES;
				IPHONEOS_DEPLOYMENT_TARGET = 16.4;
				MACOSX_DEPLOYMENT_TARGET = 13.3;
				MARKETING_VERSION = 1.0;
				PRODUCT_BUNDLE_IDENTIFIER = com.nokeai.PingbearTests;
				PRODUCT_NAME = "$(TARGET_NAME)";
				SDKROOT = auto;
				SUPPORTED_PLATFORMS = "iphoneos iphonesimulator macosx";
				SWIFT_EMIT_LOC_STRINGS = NO;
				SWIFT_VERSION = 5.0;
				TARGETED_DEVICE_FAMILY = "1,2";
				TEST_HOST = "$(BUILT_PRODUCTS_DIR)/Pingbear.app/$(BUNDLE_EXECUTABLE_FOLDER_PATH)/Pingbear";
			};
			name = Release;
		};
		4F3E0D152A846CE90068F901 /* Debug */ = {
			isa = XCBuildConfiguration;
			buildSettings = {
				ALWAYS_EMBED_SWIFT_STANDARD_LIBRARIES = YES;
				CODE_SIGN_STYLE = Automatic;
				CURRENT_PROJECT_VERSION = 1;
				DEVELOPMENT_TEAM = YYP83W9W72;
				GENERATE_INFOPLIST_FILE = YES;
				IPHONEOS_DEPLOYMENT_TARGET = 16.4;
				MACOSX_DEPLOYMENT_TARGET = 13.3;
				MARKETING_VERSION = 1.0;
				PRODUCT_BUNDLE_IDENTIFIER = com.nokeai.PingbearUITests;
				PRODUCT_NAME = "$(TARGET_NAME)";
				SDKROOT = auto;
				SUPPORTED_PLATFORMS = "iphoneos iphonesimulator macosx";
				SWIFT_EMIT_LOC_STRINGS = NO;
				SWIFT_VERSION = 5.0;
				TARGETED_DEVICE_FAMILY = "1,2";
				TEST_TARGET_NAME = Pingbear;
			};
			name = Debug;
		};
		4F3E0D162A846CE90068F901 /* Release */ = {
			isa = XCBuildConfiguration;
			buildSettings = {
				ALWAYS_EMBED_SWIFT_STANDARD_LIBRARIES = YES;
				CODE_SIGN_STYLE = Automatic;
				CURRENT_PROJECT_VERSION = 1;
				DEVELOPMENT_TEAM = YYP83W9W72;
				GENERATE_INFOPLIST_FILE = YES;
				IPHONEOS_DEPLOYMENT_TARGET = 16.4;
				MACOSX_DEPLOYMENT_TARGET = 13.3;
				MARKETING_VERSION = 1.0;
				PRODUCT_BUNDLE_IDENTIFIER = com.nokeai.PingbearUITests;
				PRODUCT_NAME = "$(TARGET_NAME)";
				SDKROOT = auto;
				SUPPORTED_PLATFORMS = "iphoneos iphonesimulator macosx";
				SWIFT_EMIT_LOC_STRINGS = NO;
				SWIFT_VERSION = 5.0;
				TARGETED_DEVICE_FAMILY = "1,2";
				TEST_TARGET_NAME = Pingbear;
			};
			name = Release;
		};
/* End XCBuildConfiguration section */

/* Begin XCConfigurationList section */
		4F3E0CE42A846CE80068F901 /* Build configuration list for PBXProject "Pingbear" */ = {
			isa = XCConfigurationList;
			buildConfigurations = (
				4F3E0D0C2A846CE90068F901 /* Debug */,
				4F3E0D0D2A846CE90068F901 /* Release */,
			);
			defaultConfigurationIsVisible = 0;
			defaultConfigurationName = Release;
		};
		4F3E0D0E2A846CE90068F901 /* Build configuration list for PBXNativeTarget "Pingbear" */ = {
			isa = XCConfigurationList;
			buildConfigurations = (
				4F3E0D0F2A846CE90068F901 /* Debug */,
				4F3E0D102A846CE90068F901 /* Release */,
			);
			defaultConfigurationIsVisible = 0;
			defaultConfigurationName = Release;
		};
		4F3E0D112A846CE90068F901 /* Build configuration list for PBXNativeTarget "PingbearTests" */ = {
			isa = XCConfigurationList;
			buildConfigurations = (
				4F3E0D122A846CE90068F901 /* Debug */,
				4F3E0D132A846CE90068F901 /* Release */,
			);
			defaultConfigurationIsVisible = 0;
			defaultConfigurationName = Release;
		};
		4F3E0D142A846CE90068F901 /* Build configuration list for PBXNativeTarget "PingbearUITests" */ = {
			isa = XCConfigurationList;
			buildConfigurations = (
				4F3E0D152A846CE90068F901 /* Debug */,
				4F3E0D162A846CE90068F901 /* Release */,
			);
			defaultConfigurationIsVisible = 0;
			defaultConfigurationName = Release;
		};
/* End XCConfigurationList section */

/* Begin XCRemoteSwiftPackageReference section */
		4F382EA72B0F89D800669A58 /* XCRemoteSwiftPackageReference "NotificationBanner" */ = {
			isa = XCRemoteSwiftPackageReference;
			repositoryURL = "https://github.com/Daltron/NotificationBanner";
			requirement = {
				kind = upToNextMajorVersion;
				minimumVersion = 3.0.0;
			};
		};
		4F3E0D1B2A86F6BF0068F901 /* XCRemoteSwiftPackageReference "firebase-ios-sdk" */ = {
			isa = XCRemoteSwiftPackageReference;
			repositoryURL = "https://github.com/firebase/firebase-ios-sdk";
			requirement = {
				kind = upToNextMajorVersion;
				minimumVersion = 10.0.0;
			};
		};
		4F3E0D862A9BCB330068F901 /* XCRemoteSwiftPackageReference "SDWebImageSwiftUI" */ = {
			isa = XCRemoteSwiftPackageReference;
			repositoryURL = "https://github.com/SDWebImage/SDWebImageSwiftUI.git";
			requirement = {
				kind = upToNextMajorVersion;
				minimumVersion = 2.0.0;
			};
		};
		4F3E0D942AA0DED80068F901 /* XCRemoteSwiftPackageReference "CountryPicker" */ = {
			isa = XCRemoteSwiftPackageReference;
			repositoryURL = "https://github.com/mobven/CountryPicker.git";
			requirement = {
				kind = upToNextMajorVersion;
				minimumVersion = 2.0.0;
			};
		};
		4F3E0DB02AB067DC0068F901 /* XCRemoteSwiftPackageReference "PhoneNumberKit" */ = {
			isa = XCRemoteSwiftPackageReference;
			repositoryURL = "https://github.com/marmelroy/PhoneNumberKit.git";
			requirement = {
				kind = upToNextMajorVersion;
				minimumVersion = 3.6.0;
			};
		};
		4F9439922D84E7C20068AF24 /* XCRemoteSwiftPackageReference "Kingfisher" */ = {
			isa = XCRemoteSwiftPackageReference;
			repositoryURL = "https://github.com/onevcat/Kingfisher.git";
			requirement = {
				kind = upToNextMajorVersion;
				minimumVersion = 8.3.0;
			};
		};
		4FABA1382B996A3800289489 /* XCRemoteSwiftPackageReference "posthog-ios" */ = {
			isa = XCRemoteSwiftPackageReference;
			repositoryURL = "https://github.com/PostHog/posthog-ios.git";
			requirement = {
				kind = upToNextMajorVersion;
				minimumVersion = 3.2.3;
			};
		};
/* End XCRemoteSwiftPackageReference section */

/* Begin XCSwiftPackageProductDependency section */
		4F382EA82B0F89D800669A58 /* NotificationBannerSwift */ = {
			isa = XCSwiftPackageProductDependency;
			package = 4F382EA72B0F89D800669A58 /* XCRemoteSwiftPackageReference "NotificationBanner" */;
			productName = NotificationBannerSwift;
		};
		4F3E0D1C2A86F6BF0068F901 /* FirebaseAnalytics */ = {
			isa = XCSwiftPackageProductDependency;
			package = 4F3E0D1B2A86F6BF0068F901 /* XCRemoteSwiftPackageReference "firebase-ios-sdk" */;
			productName = FirebaseAnalytics;
		};
		4F3E0D1E2A86F6BF0068F901 /* FirebaseAnalyticsOnDeviceConversion */ = {
			isa = XCSwiftPackageProductDependency;
			package = 4F3E0D1B2A86F6BF0068F901 /* XCRemoteSwiftPackageReference "firebase-ios-sdk" */;
			productName = FirebaseAnalyticsOnDeviceConversion;
		};
		4F3E0D202A86F6BF0068F901 /* FirebaseAnalyticsSwift */ = {
			isa = XCSwiftPackageProductDependency;
			package = 4F3E0D1B2A86F6BF0068F901 /* XCRemoteSwiftPackageReference "firebase-ios-sdk" */;
			productName = FirebaseAnalyticsSwift;
		};
		4F3E0D222A86F6BF0068F901 /* FirebaseAnalyticsWithoutAdIdSupport */ = {
			isa = XCSwiftPackageProductDependency;
			package = 4F3E0D1B2A86F6BF0068F901 /* XCRemoteSwiftPackageReference "firebase-ios-sdk" */;
			productName = FirebaseAnalyticsWithoutAdIdSupport;
		};
		4F3E0D242A86F6BF0068F901 /* FirebaseAppCheck */ = {
			isa = XCSwiftPackageProductDependency;
			package = 4F3E0D1B2A86F6BF0068F901 /* XCRemoteSwiftPackageReference "firebase-ios-sdk" */;
			productName = FirebaseAppCheck;
		};
		4F3E0D262A86F6BF0068F901 /* FirebaseAppDistribution-Beta */ = {
			isa = XCSwiftPackageProductDependency;
			package = 4F3E0D1B2A86F6BF0068F901 /* XCRemoteSwiftPackageReference "firebase-ios-sdk" */;
			productName = "FirebaseAppDistribution-Beta";
		};
		4F3E0D282A86F6BF0068F901 /* FirebaseAuth */ = {
			isa = XCSwiftPackageProductDependency;
			package = 4F3E0D1B2A86F6BF0068F901 /* XCRemoteSwiftPackageReference "firebase-ios-sdk" */;
			productName = FirebaseAuth;
		};
		4F3E0D2A2A86F6BF0068F901 /* FirebaseAuthCombine-Community */ = {
			isa = XCSwiftPackageProductDependency;
			package = 4F3E0D1B2A86F6BF0068F901 /* XCRemoteSwiftPackageReference "firebase-ios-sdk" */;
			productName = "FirebaseAuthCombine-Community";
		};
		4F3E0D2C2A86F6BF0068F901 /* FirebaseCrashlytics */ = {
			isa = XCSwiftPackageProductDependency;
			package = 4F3E0D1B2A86F6BF0068F901 /* XCRemoteSwiftPackageReference "firebase-ios-sdk" */;
			productName = FirebaseCrashlytics;
		};
		4F3E0D2E2A86F6BF0068F901 /* FirebaseDatabase */ = {
			isa = XCSwiftPackageProductDependency;
			package = 4F3E0D1B2A86F6BF0068F901 /* XCRemoteSwiftPackageReference "firebase-ios-sdk" */;
			productName = FirebaseDatabase;
		};
		4F3E0D302A86F6BF0068F901 /* FirebaseDatabaseSwift */ = {
			isa = XCSwiftPackageProductDependency;
			package = 4F3E0D1B2A86F6BF0068F901 /* XCRemoteSwiftPackageReference "firebase-ios-sdk" */;
			productName = FirebaseDatabaseSwift;
		};
		4F3E0D322A86F6BF0068F901 /* FirebaseDynamicLinks */ = {
			isa = XCSwiftPackageProductDependency;
			package = 4F3E0D1B2A86F6BF0068F901 /* XCRemoteSwiftPackageReference "firebase-ios-sdk" */;
			productName = FirebaseDynamicLinks;
		};
		4F3E0D342A86F6BF0068F901 /* FirebaseFirestore */ = {
			isa = XCSwiftPackageProductDependency;
			package = 4F3E0D1B2A86F6BF0068F901 /* XCRemoteSwiftPackageReference "firebase-ios-sdk" */;
			productName = FirebaseFirestore;
		};
		4F3E0D362A86F6BF0068F901 /* FirebaseFirestoreCombine-Community */ = {
			isa = XCSwiftPackageProductDependency;
			package = 4F3E0D1B2A86F6BF0068F901 /* XCRemoteSwiftPackageReference "firebase-ios-sdk" */;
			productName = "FirebaseFirestoreCombine-Community";
		};
		4F3E0D382A86F6BF0068F901 /* FirebaseFirestoreSwift */ = {
			isa = XCSwiftPackageProductDependency;
			package = 4F3E0D1B2A86F6BF0068F901 /* XCRemoteSwiftPackageReference "firebase-ios-sdk" */;
			productName = FirebaseFirestoreSwift;
		};
		4F3E0D3A2A86F6BF0068F901 /* FirebaseFunctions */ = {
			isa = XCSwiftPackageProductDependency;
			package = 4F3E0D1B2A86F6BF0068F901 /* XCRemoteSwiftPackageReference "firebase-ios-sdk" */;
			productName = FirebaseFunctions;
		};
		4F3E0D3C2A86F6BF0068F901 /* FirebaseFunctionsCombine-Community */ = {
			isa = XCSwiftPackageProductDependency;
			package = 4F3E0D1B2A86F6BF0068F901 /* XCRemoteSwiftPackageReference "firebase-ios-sdk" */;
			productName = "FirebaseFunctionsCombine-Community";
		};
		4F3E0D3E2A86F6BF0068F901 /* FirebaseInAppMessaging-Beta */ = {
			isa = XCSwiftPackageProductDependency;
			package = 4F3E0D1B2A86F6BF0068F901 /* XCRemoteSwiftPackageReference "firebase-ios-sdk" */;
			productName = "FirebaseInAppMessaging-Beta";
		};
		4F3E0D402A86F6BF0068F901 /* FirebaseInAppMessagingSwift-Beta */ = {
			isa = XCSwiftPackageProductDependency;
			package = 4F3E0D1B2A86F6BF0068F901 /* XCRemoteSwiftPackageReference "firebase-ios-sdk" */;
			productName = "FirebaseInAppMessagingSwift-Beta";
		};
		4F3E0D422A86F6BF0068F901 /* FirebaseInstallations */ = {
			isa = XCSwiftPackageProductDependency;
			package = 4F3E0D1B2A86F6BF0068F901 /* XCRemoteSwiftPackageReference "firebase-ios-sdk" */;
			productName = FirebaseInstallations;
		};
		4F3E0D442A86F6BF0068F901 /* FirebaseMLModelDownloader */ = {
			isa = XCSwiftPackageProductDependency;
			package = 4F3E0D1B2A86F6BF0068F901 /* XCRemoteSwiftPackageReference "firebase-ios-sdk" */;
			productName = FirebaseMLModelDownloader;
		};
		4F3E0D462A86F6BF0068F901 /* FirebaseMessaging */ = {
			isa = XCSwiftPackageProductDependency;
			package = 4F3E0D1B2A86F6BF0068F901 /* XCRemoteSwiftPackageReference "firebase-ios-sdk" */;
			productName = FirebaseMessaging;
		};
		4F3E0D482A86F6BF0068F901 /* FirebasePerformance */ = {
			isa = XCSwiftPackageProductDependency;
			package = 4F3E0D1B2A86F6BF0068F901 /* XCRemoteSwiftPackageReference "firebase-ios-sdk" */;
			productName = FirebasePerformance;
		};
		4F3E0D4A2A86F6BF0068F901 /* FirebaseRemoteConfig */ = {
			isa = XCSwiftPackageProductDependency;
			package = 4F3E0D1B2A86F6BF0068F901 /* XCRemoteSwiftPackageReference "firebase-ios-sdk" */;
			productName = FirebaseRemoteConfig;
		};
		4F3E0D4C2A86F6BF0068F901 /* FirebaseRemoteConfigSwift */ = {
			isa = XCSwiftPackageProductDependency;
			package = 4F3E0D1B2A86F6BF0068F901 /* XCRemoteSwiftPackageReference "firebase-ios-sdk" */;
			productName = FirebaseRemoteConfigSwift;
		};
		4F3E0D4E2A86F6BF0068F901 /* FirebaseStorage */ = {
			isa = XCSwiftPackageProductDependency;
			package = 4F3E0D1B2A86F6BF0068F901 /* XCRemoteSwiftPackageReference "firebase-ios-sdk" */;
			productName = FirebaseStorage;
		};
		4F3E0D502A86F6BF0068F901 /* FirebaseStorageCombine-Community */ = {
			isa = XCSwiftPackageProductDependency;
			package = 4F3E0D1B2A86F6BF0068F901 /* XCRemoteSwiftPackageReference "firebase-ios-sdk" */;
			productName = "FirebaseStorageCombine-Community";
		};
		4F3E0D872A9BCB330068F901 /* SDWebImageSwiftUI */ = {
			isa = XCSwiftPackageProductDependency;
			package = 4F3E0D862A9BCB330068F901 /* XCRemoteSwiftPackageReference "SDWebImageSwiftUI" */;
			productName = SDWebImageSwiftUI;
		};
		4F3E0D952AA0DED80068F901 /* CountryPicker */ = {
			isa = XCSwiftPackageProductDependency;
			package = 4F3E0D942AA0DED80068F901 /* XCRemoteSwiftPackageReference "CountryPicker" */;
			productName = CountryPicker;
		};
		4F3E0DB12AB067DC0068F901 /* PhoneNumberKit */ = {
			isa = XCSwiftPackageProductDependency;
			package = 4F3E0DB02AB067DC0068F901 /* XCRemoteSwiftPackageReference "PhoneNumberKit" */;
			productName = PhoneNumberKit;
		};
		4F9439932D84E85C0068AF24 /* Kingfisher */ = {
			isa = XCSwiftPackageProductDependency;
			package = 4F9439922D84E7C20068AF24 /* XCRemoteSwiftPackageReference "Kingfisher" */;
			productName = Kingfisher;
		};
		4FABA1392B996A3800289489 /* PostHog */ = {
			isa = XCSwiftPackageProductDependency;
			package = 4FABA1382B996A3800289489 /* XCRemoteSwiftPackageReference "posthog-ios" */;
			productName = PostHog;
		};
/* End XCSwiftPackageProductDependency section */
	};
	rootObject = 4F3E0CE12A846CE80068F901 /* Project object */;
}
